<?xml version="1.0" encoding="utf-8"?>
<Project xmlns="http://schemas.microsoft.com/developer/msbuild/2003" ToolsVersion="4.0">
  <ItemGroup>
    <Filter Include="Source Files">
      <UniqueIdentifier>{69E90A21-7A68-49B2-A8FB-0E6CF8D58EAE}</UniqueIdentifier>
      <Extensions>cpp;c;cc;cxx;def;odl;idl;hpj;bat;asm;asmx</Extensions>
    </Filter>
    <Filter Include="Header Files">
      <UniqueIdentifier>{8D54D2F1-3B6E-4BF2-8EC1-F15FBC7AE37F}</UniqueIdentifier>
      <Extensions>h;hpp;hxx;hm;inl;inc;xsd</Extensions>
    </Filter>
    <Filter Include="Resource Files">
      <UniqueIdentifier>{01B231A8-5CE1-42F6-BA06-D612DEF9B81B}</UniqueIdentifier>
      <Extensions>rc;ico;cur;bmp;dlg;rc2;rct;bin;rgs;gif;jpg;jpeg;jpe;resx;tiff;tif;ttf;otf;bdf;png;wav;xlsx;props;mfcribbon-ms</Extensions>
    </Filter>
    <Filter Include="Header Files\audio_player_screen">
      <UniqueIdentifier>{5A844C70-8900-4957-9084-34C26F9D8BAB}</UniqueIdentifier>
    </Filter>
    <Filter Include="Header Files\audio_player_screen\Addons">
      <UniqueIdentifier>{8829B8D9-46C5-4D14-BC93-4B991B333935}</UniqueIdentifier>
    </Filter>
    <Filter Include="Header Files\audio_player_screen\Addons\SpiritDSP_Equalizer">
      <UniqueIdentifier>{5E7455A8-14E8-48F9-B436-48DC83F50036}</UniqueIdentifier>
    </Filter>
    <Filter Include="Header Files\audio_player_screen\Addons\SpiritDSP_LoudnessControl">
      <UniqueIdentifier>{0F52AC39-55B9-4BB2-8C13-69D75147687B}</UniqueIdentifier>
    </Filter>
    <Filter Include="Header Files\audio_player_screen\Addons\SpiritDSP_Mixer">
      <UniqueIdentifier>{FACCF9CE-5047-46D4-9FB4-0881EE15A829}</UniqueIdentifier>
    </Filter>
    <Filter Include="Header Files\common">
      <UniqueIdentifier>{79AA396C-97FE-4CDD-9EF7-A0B49FF329AD}</UniqueIdentifier>
    </Filter>
    <Filter Include="Header Files\controls_screen">
      <UniqueIdentifier>{34AB0CD3-7992-41F3-9F8F-CCFCBB5D8D90}</UniqueIdentifier>
    </Filter>
    <Filter Include="Header Files\game2048_screen">
      <UniqueIdentifier>{8975F85B-D91E-4338-9693-CC07E9FF8E76}</UniqueIdentifier>
    </Filter>
    <Filter Include="Header Files\home_automation_screen">
      <UniqueIdentifier>{E36E321B-4D3A-482F-8081-30C5386BBC64}</UniqueIdentifier>
    </Filter>
    <Filter Include="Header Files\main_menu_screen">
      <UniqueIdentifier>{0B78F67D-FB59-4EB5-9AD9-C687ADA0363D}</UniqueIdentifier>
    </Filter>
    <Filter Include="Header Files\model">
      <UniqueIdentifier>{CE2E1EE9-5DA3-466B-B3BA-770C71EDEE9B}</UniqueIdentifier>
    </Filter>
    <Filter Include="Header Files\settings_screen">
      <UniqueIdentifier>{06D044C8-8297-4216-BC55-E67AAB283649}</UniqueIdentifier>
    </Filter>
    <Filter Include="Header Files\video_player_screen">
      <UniqueIdentifier>{4488EE96-5AB7-4355-8210-D3743343A0CB}</UniqueIdentifier>
    </Filter>
    <Filter Include="Source Files\audio_player_screen">
      <UniqueIdentifier>{DEAD4080-A24B-4249-B4ED-75497F5C4DB8}</UniqueIdentifier>
    </Filter>
    <Filter Include="Source Files\common">
      <UniqueIdentifier>{6213F001-EBA7-4E6F-87DA-1BA6A9350E3D}</UniqueIdentifier>
    </Filter>
    <Filter Include="Source Files\controls_screen">
      <UniqueIdentifier>{ABFE3889-64F5-445E-BE6B-4413C1780A51}</UniqueIdentifier>
    </Filter>
    <Filter Include="Source Files\game2048_screen">
      <UniqueIdentifier>{BAF8931A-056E-4819-ACA3-02EE8634A225}</UniqueIdentifier>
    </Filter>
    <Filter Include="Source Files\home_automation_screen">
      <UniqueIdentifier>{3B8DDCCF-57FA-44F9-9D4E-716AF63C09BB}</UniqueIdentifier>
    </Filter>
    <Filter Include="Source Files\main_menu_screen">
      <UniqueIdentifier>{B7327807-BC21-4471-8C88-9D6C20CE2E4A}</UniqueIdentifier>
    </Filter>
    <Filter Include="Source Files\model">
      <UniqueIdentifier>{A36A4A3F-618B-4E20-B86D-70800A72D019}</UniqueIdentifier>
    </Filter>
    <Filter Include="Source Files\settings_screen">
      <UniqueIdentifier>{DFEA3B15-BD08-4E1E-A0AD-A9ADFE348158}</UniqueIdentifier>
    </Filter>
    <Filter Include="Source Files\video_player_screen">
      <UniqueIdentifier>{B434189D-D0CA-4B13-97B7-567F8B317B78}</UniqueIdentifier>
    </Filter>
    <Filter Include="Source Files\simulator">
      <UniqueIdentifier>{F45967FB-82AC-494A-8F61-3F076A9AAC86}</UniqueIdentifier>
    </Filter>
    <Filter Include="Resource Files\fonts">
      <UniqueIdentifier>{AAE34409-ADF7-4BA7-86D4-D2F172499DF2}</UniqueIdentifier>
    </Filter>
    <Filter Include="Resource Files\images">
      <UniqueIdentifier>{BDCB51FA-08E2-43AF-98ED-F7BB25CA5DBF}</UniqueIdentifier>
    </Filter>
    <Filter Include="Resource Files\images\AnimatingButtonsMenu">
      <UniqueIdentifier>{BBA173B8-EE31-4122-AF5B-D0EBC8CF769E}</UniqueIdentifier>
    </Filter>
    <Filter Include="Resource Files\images\Audio">
      <UniqueIdentifier>{F6A25FB7-71AC-4D9C-9376-2B3EF6E9E05F}</UniqueIdentifier>
    </Filter>
    <Filter Include="Resource Files\images\AudioPlayer">
      <UniqueIdentifier>{A6FD463C-1213-45C8-9ED8-B74361DA5D2A}</UniqueIdentifier>
    </Filter>
    <Filter Include="Resource Files\images\CarouselMenu">
      <UniqueIdentifier>{58312D82-612B-42A5-8828-7B6E59765D14}</UniqueIdentifier>
    </Filter>
    <Filter Include="Resource Files\images\Common">
      <UniqueIdentifier>{FE6D5639-2AE4-4E57-8455-7380BBE71515}</UniqueIdentifier>
    </Filter>
    <Filter Include="Resource Files\images\Controls">
      <UniqueIdentifier>{A0EE0150-835F-40C6-A81F-B98651871048}</UniqueIdentifier>
    </Filter>
    <Filter Include="Resource Files\images\Controls\clock">
      <UniqueIdentifier>{A6BA4757-C7E3-43A0-B074-C239ADD19022}</UniqueIdentifier>
    </Filter>
    <Filter Include="Resource Files\images\Game2048">
      <UniqueIdentifier>{E7F888FA-60C5-4E1C-B030-96EF6DE77866}</UniqueIdentifier>
    </Filter>
    <Filter Include="Resource Files\images\HomeAutomation">
      <UniqueIdentifier>{8431F136-FD43-44FB-897A-04CA8941D217}</UniqueIdentifier>
    </Filter>
    <Filter Include="Resource Files\images\HomeAutomation\login">
      <UniqueIdentifier>{37C82336-CF3F-48C6-94EB-327DDE49AD52}</UniqueIdentifier>
    </Filter>
    <Filter Include="Resource Files\images\Movie">
      <UniqueIdentifier>{E0030A17-91EC-4C09-8E9C-F0276DD01162}</UniqueIdentifier>
    </Filter>
    <Filter Include="Resource Files\texts">
      <UniqueIdentifier>{17E0A2F1-F2C1-4017-A691-471C1A60CD46}</UniqueIdentifier>
    </Filter>
    <Filter Include="Header Files\libjpeg">
      <UniqueIdentifier>{42fafefb-8c46-4c78-bbb3-b03bf7d1ac8b}</UniqueIdentifier>
    </Filter>
    <Filter Include="Source Files\libjpeg">
      <UniqueIdentifier>{fb0ecd3a-87e5-4afc-9039-644ed04a97b1}</UniqueIdentifier>
    </Filter>
    <Filter Include="Source Files\gameKnight_screen">
      <UniqueIdentifier>{fff5b012-7933-4926-bc40-d07d2722c376}</UniqueIdentifier>
    </Filter>
    <Filter Include="Resource Files\images\GameKnight">
      <UniqueIdentifier>{d39b3191-e47e-433d-a344-dc874be9212a}</UniqueIdentifier>
    </Filter>
    <Filter Include="Header Files\gameKnight_screen">
      <UniqueIdentifier>{71fd5da0-5969-4446-8d98-b1d356ce6b79}</UniqueIdentifier>
    </Filter>
    <Filter Include="Source Files\bump_map_screen">
      <UniqueIdentifier>{ca1522c3-0f90-4536-9c28-82ac45490b8a}</UniqueIdentifier>
    </Filter>
    <Filter Include="Header Files\bump_map_screen">
      <UniqueIdentifier>{60b45b2e-5458-4822-a6d5-91e42dcdfeda}</UniqueIdentifier>
    </Filter>
    <Filter Include="Resource Files\images\BumpMap">
      <UniqueIdentifier>{71b94aba-ec7a-4ffa-b587-7b99c02a506b}</UniqueIdentifier>
    </Filter>
  </ItemGroup>
  <ItemGroup>
    <ClCompile Include="..\..\gui\src\audio_player_screen\AudioBottomBar.cpp">
      <Filter>Source Files\audio_player_screen</Filter>
    </ClCompile>
    <ClCompile Include="..\..\gui\src\audio_player_screen\AudioPlayer.cpp">
      <Filter>Source Files\audio_player_screen</Filter>
    </ClCompile>
    <ClCompile Include="..\..\gui\src\audio_player_screen\AudioPlayerPlaylist.cpp">
      <Filter>Source Files\audio_player_screen</Filter>
    </ClCompile>
    <ClCompile Include="..\..\gui\src\audio_player_screen\AudioPlayerPresenter.cpp">
      <Filter>Source Files\audio_player_screen</Filter>
    </ClCompile>
    <ClCompile Include="..\..\gui\src\audio_player_screen\AudioPlayerView.cpp">
      <Filter>Source Files\audio_player_screen</Filter>
    </ClCompile>
    <ClCompile Include="..\..\gui\src\audio_player_screen\CoverWidget.cpp">
      <Filter>Source Files\audio_player_screen</Filter>
    </ClCompile>
    <ClCompile Include="..\..\gui\src\audio_player_screen\Equalizer.cpp">
      <Filter>Source Files\audio_player_screen</Filter>
    </ClCompile>
    <ClCompile Include="..\..\gui\src\common\AnimationTextureMapper.cpp">
      <Filter>Source Files\common</Filter>
    </ClCompile>
    <ClCompile Include="..\..\gui\src\common\BottomBar.cpp">
      <Filter>Source Files\common</Filter>
    </ClCompile>
    <ClCompile Include="..\..\gui\src\common\Carousel.cpp">
      <Filter>Source Files\common</Filter>
    </ClCompile>
    <ClCompile Include="..\..\gui\src\common\CollapsibleMenu.cpp">
      <Filter>Source Files\common</Filter>
    </ClCompile>
    <ClCompile Include="..\..\gui\src\common\DemoPresenter.cpp">
      <Filter>Source Files\common</Filter>
    </ClCompile>
    <ClCompile Include="..\..\gui\src\common\DotIndicator.cpp">
      <Filter>Source Files\common</Filter>
    </ClCompile>
    <ClCompile Include="..\..\gui\src\common\FrontendApplication.cpp">
      <Filter>Source Files\common</Filter>
    </ClCompile>
    <ClCompile Include="..\..\gui\src\common\LoginWidget.cpp">
      <Filter>Source Files\common</Filter>
    </ClCompile>
    <ClCompile Include="..\..\gui\src\common\SwipeContainer.cpp">
      <Filter>Source Files\common</Filter>
    </ClCompile>
    <ClCompile Include="..\..\gui\src\common\TiledImage.cpp">
      <Filter>Source Files\common</Filter>
    </ClCompile>
    <ClCompile Include="..\..\gui\src\common\TopBar.cpp">
      <Filter>Source Files\common</Filter>
    </ClCompile>
    <ClCompile Include="..\..\gui\src\common\ZoomAnimationBox.cpp">
      <Filter>Source Files\common</Filter>
    </ClCompile>
    <ClCompile Include="..\..\gui\src\controls_screen\CircularValueIndicator.cpp">
      <Filter>Source Files\controls_screen</Filter>
    </ClCompile>
    <ClCompile Include="..\..\gui\src\controls_screen\ControlsPresenter.cpp">
      <Filter>Source Files\controls_screen</Filter>
    </ClCompile>
    <ClCompile Include="..\..\gui\src\controls_screen\ControlsView.cpp">
      <Filter>Source Files\controls_screen</Filter>
    </ClCompile>
    <ClCompile Include="..\..\gui\src\game2048_screen\Game2048Presenter.cpp">
      <Filter>Source Files\game2048_screen</Filter>
    </ClCompile>
    <ClCompile Include="..\..\gui\src\game2048_screen\Game2048View.cpp">
      <Filter>Source Files\game2048_screen</Filter>
    </ClCompile>
    <ClCompile Include="..\..\gui\src\game2048_screen\GameBoard.cpp">
      <Filter>Source Files\game2048_screen</Filter>
    </ClCompile>
    <ClCompile Include="..\..\gui\src\home_automation_screen\Graph.cpp">
      <Filter>Source Files\home_automation_screen</Filter>
    </ClCompile>
    <ClCompile Include="..\..\gui\src\home_automation_screen\GraphLine.cpp">
      <Filter>Source Files\home_automation_screen</Filter>
    </ClCompile>
    <ClCompile Include="..\..\gui\src\home_automation_screen\HomeAutomationPresenter.cpp">
      <Filter>Source Files\home_automation_screen</Filter>
    </ClCompile>
    <ClCompile Include="..\..\gui\src\home_automation_screen\HomeAutomationView.cpp">
      <Filter>Source Files\home_automation_screen</Filter>
    </ClCompile>
    <ClCompile Include="..\..\gui\src\home_automation_screen\PainterRGB888TiledBitmap.cpp">
      <Filter>Source Files\home_automation_screen</Filter>
    </ClCompile>
    <ClCompile Include="..\..\gui\src\home_automation_screen\RoomControl.cpp">
      <Filter>Source Files\home_automation_screen</Filter>
    </ClCompile>
    <ClCompile Include="..\..\gui\src\home_automation_screen\RoomControlAdjustable.cpp">
      <Filter>Source Files\home_automation_screen</Filter>
    </ClCompile>
    <ClCompile Include="..\..\gui\src\home_automation_screen\RoomControlToggle.cpp">
      <Filter>Source Files\home_automation_screen</Filter>
    </ClCompile>
    <ClCompile Include="..\..\gui\src\home_automation_screen\RoomControlWheel.cpp">
      <Filter>Source Files\home_automation_screen</Filter>
    </ClCompile>
    <ClCompile Include="..\..\gui\src\home_automation_screen\StatisticsContainer.cpp">
      <Filter>Source Files\home_automation_screen</Filter>
    </ClCompile>
    <ClCompile Include="..\..\gui\src\main_menu_screen\MainMenuAnimatingButtonsView.cpp">
      <Filter>Source Files\main_menu_screen</Filter>
    </ClCompile>
    <ClCompile Include="..\..\gui\src\main_menu_screen\MainMenuCarouselView.cpp">
      <Filter>Source Files\main_menu_screen</Filter>
    </ClCompile>
    <ClCompile Include="..\..\gui\src\main_menu_screen\MainMenuPresenter.cpp">
      <Filter>Source Files\main_menu_screen</Filter>
    </ClCompile>
    <ClCompile Include="..\..\gui\src\main_menu_screen\MainMenuView.cpp">
      <Filter>Source Files\main_menu_screen</Filter>
    </ClCompile>
    <ClCompile Include="..\..\gui\src\model\Model.cpp">
      <Filter>Source Files\model</Filter>
    </ClCompile>
    <ClCompile Include="..\..\gui\src\settings_screen\AnalogClock.cpp">
      <Filter>Source Files\settings_screen</Filter>
    </ClCompile>
    <ClCompile Include="..\..\gui\src\settings_screen\AnalogClockWithSetTimeFunctionality.cpp">
      <Filter>Source Files\settings_screen</Filter>
    </ClCompile>
    <ClCompile Include="..\..\gui\src\settings_screen\ClockSelectorContainer.cpp">
      <Filter>Source Files\settings_screen</Filter>
    </ClCompile>
    <ClCompile Include="..\..\gui\src\settings_screen\DateSelectorContainer.cpp">
      <Filter>Source Files\settings_screen</Filter>
    </ClCompile>
    <ClCompile Include="..\..\gui\src\settings_screen\SettingsPresenter.cpp">
      <Filter>Source Files\settings_screen</Filter>
    </ClCompile>
    <ClCompile Include="..\..\gui\src\settings_screen\SettingsView.cpp">
      <Filter>Source Files\settings_screen</Filter>
    </ClCompile>
    <ClCompile Include="..\..\gui\src\settings_screen\TimeSettingContainer.cpp">
      <Filter>Source Files\settings_screen</Filter>
    </ClCompile>
    <ClCompile Include="..\..\gui\src\video_player_screen\FatFSFileInput.cpp">
      <Filter>Source Files\video_player_screen</Filter>
    </ClCompile>
    <ClCompile Include="..\..\gui\src\video_player_screen\FolderWidget.cpp">
      <Filter>Source Files\video_player_screen</Filter>
    </ClCompile>
    <ClCompile Include="..\..\gui\src\video_player_screen\JPEGFileInput.cpp">
      <Filter>Source Files\video_player_screen</Filter>
    </ClCompile>
    <ClCompile Include="..\..\gui\src\video_player_screen\MJPEGReader.cpp">
      <Filter>Source Files\video_player_screen</Filter>
    </ClCompile>
    <ClCompile Include="..\..\gui\src\video_player_screen\PlaylistWidget.cpp">
      <Filter>Source Files\video_player_screen</Filter>
    </ClCompile>
    <ClCompile Include="..\..\gui\src\video_player_screen\StdFileInput.cpp">
      <Filter>Source Files\video_player_screen</Filter>
    </ClCompile>
    <ClCompile Include="..\..\gui\src\video_player_screen\VideoBottomBar.cpp">
      <Filter>Source Files\video_player_screen</Filter>
    </ClCompile>
    <ClCompile Include="..\..\gui\src\video_player_screen\VideoPlayerPresenter.cpp">
      <Filter>Source Files\video_player_screen</Filter>
    </ClCompile>
    <ClCompile Include="..\..\gui\src\video_player_screen\VideoPlayerView.cpp">
      <Filter>Source Files\video_player_screen</Filter>
    </ClCompile>
    <ClCompile Include="..\..\gui\src\video_player_screen\VideoProgressBar.cpp">
      <Filter>Source Files\video_player_screen</Filter>
    </ClCompile>
    <ClCompile Include="..\..\simulator\main.cpp">
      <Filter>Source Files\simulator</Filter>
    </ClCompile>
    <ClCompile Include="..\..\gui\src\home_automation_screen\RoomControlWheel.cpp">
      <Filter>Source Files\home_automation_screen</Filter>
    </ClCompile>
    <ClCompile Include="..\..\gui\src\settings_screen\DatePicker.cpp">
      <Filter>Source Files\settings_screen</Filter>
    </ClCompile>
    <ClCompile Include="..\..\gui\src\settings_screen\WheelSelector.cpp">
      <Filter>Source Files\settings_screen</Filter>
    </ClCompile>
    <ClCompile Include="..\..\gui\src\audio_player_screen\BMPFileLoader.cpp">
      <Filter>Source Files</Filter>
    </ClCompile>
    <ClCompile Include="..\..\gui\src\audio_player_screen\AudioFolderWidget.cpp">
      <Filter>Source Files</Filter>
    </ClCompile>
    <ClCompile Include="..\..\gui\src\home_automation_screen\PainterRGB565TiledBitmap.cpp">
      <Filter>Source Files\home_automation_screen</Filter>
    </ClCompile>
    <ClCompile Include="..\..\gui\src\audio_player_screen\visualization.c">
      <Filter>Source Files\audio_player_screen</Filter>
    </ClCompile>
    <ClCompile Include="..\..\gui\src\audio_player_screen\VisualizationWidget.cpp">
      <Filter>Source Files\audio_player_screen</Filter>
    </ClCompile>
    <ClCompile Include="..\..\gui\src\gameKnight_screen\Arrow.cpp">
      <Filter>Source Files\gameKnight_screen</Filter>
    </ClCompile>
    <ClCompile Include="..\..\gui\src\gameKnight_screen\GameKnightPresenter.cpp">
      <Filter>Source Files\gameKnight_screen</Filter>
    </ClCompile>
    <ClCompile Include="..\..\gui\src\gameKnight_screen\GameKnightView.cpp">
      <Filter>Source Files\gameKnight_screen</Filter>
    </ClCompile>
    <ClCompile Include="..\..\gui\src\gameKnight_screen\GameStatusPopup.cpp">
      <Filter>Source Files\gameKnight_screen</Filter>
    </ClCompile>
    <ClCompile Include="..\..\gui\src\gameKnight_screen\Head.cpp">
      <Filter>Source Files\gameKnight_screen</Filter>
    </ClCompile>
    <ClCompile Include="..\..\gui\src\gameKnight_screen\Knight.cpp">
      <Filter>Source Files\gameKnight_screen</Filter>
    </ClCompile>
    <ClCompile Include="..\..\gui\src\gameKnight_screen\TiledImageBugFixed.cpp">
      <Filter>Source Files\gameKnight_screen</Filter>
    </ClCompile>
    <ClCompile Include="..\..\gui\src\gameKnight_screen\Zombie.cpp">
      <Filter>Source Files\gameKnight_screen</Filter>
    </ClCompile>
    <ClCompile Include="..\..\gui\src\bump_map_screen\BumpMapImage.cpp">
      <Filter>Source Files\bump_map_screen</Filter>
    </ClCompile>
    <ClCompile Include="..\..\gui\src\bump_map_screen\BumpMapPresenter.cpp">
      <Filter>Source Files\bump_map_screen</Filter>
    </ClCompile>
    <ClCompile Include="..\..\gui\src\bump_map_screen\BumpMapView.cpp">
      <Filter>Source Files\bump_map_screen</Filter>
    </ClCompile>
    <ClCompile Include="..\..\..\..\..\..\..\Middlewares\Third_Party\LibJPEG\source\jaricom.c">
      <Filter>Source Files</Filter>
    </ClCompile>
    <ClCompile Include="..\..\..\..\..\..\..\Middlewares\Third_Party\LibJPEG\source\jcomapi.c">
      <Filter>Source Files</Filter>
    </ClCompile>
    <ClCompile Include="..\..\..\..\..\..\..\Middlewares\Third_Party\LibJPEG\source\jdapimin.c">
      <Filter>Source Files</Filter>
    </ClCompile>
    <ClCompile Include="..\..\..\..\..\..\..\Middlewares\Third_Party\LibJPEG\source\jdapistd.c">
      <Filter>Source Files</Filter>
    </ClCompile>
    <ClCompile Include="..\..\..\..\..\..\..\Middlewares\Third_Party\LibJPEG\source\jdarith.c">
      <Filter>Source Files</Filter>
    </ClCompile>
    <ClCompile Include="..\..\..\..\..\..\..\Middlewares\Third_Party\LibJPEG\source\jdatadst.c">
      <Filter>Source Files</Filter>
    </ClCompile>
    <ClCompile Include="..\..\..\..\..\..\..\Middlewares\Third_Party\LibJPEG\source\jdatasrc.c">
      <Filter>Source Files</Filter>
    </ClCompile>
    <ClCompile Include="..\..\..\..\..\..\..\Middlewares\Third_Party\LibJPEG\source\jdcoefct.c">
      <Filter>Source Files</Filter>
    </ClCompile>
    <ClCompile Include="..\..\..\..\..\..\..\Middlewares\Third_Party\LibJPEG\source\jdcolor.c">
      <Filter>Source Files</Filter>
    </ClCompile>
    <ClCompile Include="..\..\..\..\..\..\..\Middlewares\Third_Party\LibJPEG\source\jddctmgr.c">
      <Filter>Source Files</Filter>
    </ClCompile>
    <ClCompile Include="..\..\..\..\..\..\..\Middlewares\Third_Party\LibJPEG\source\jdhuff.c">
      <Filter>Source Files</Filter>
    </ClCompile>
    <ClCompile Include="..\..\..\..\..\..\..\Middlewares\Third_Party\LibJPEG\source\jdinput.c">
      <Filter>Source Files</Filter>
    </ClCompile>
    <ClCompile Include="..\..\..\..\..\..\..\Middlewares\Third_Party\LibJPEG\source\jdmainct.c">
      <Filter>Source Files</Filter>
    </ClCompile>
    <ClCompile Include="..\..\..\..\..\..\..\Middlewares\Third_Party\LibJPEG\source\jdmarker.c">
      <Filter>Source Files</Filter>
    </ClCompile>
    <ClCompile Include="..\..\..\..\..\..\..\Middlewares\Third_Party\LibJPEG\source\jdmaster.c">
      <Filter>Source Files</Filter>
    </ClCompile>
    <ClCompile Include="..\..\..\..\..\..\..\Middlewares\Third_Party\LibJPEG\source\jdmerge.c">
      <Filter>Source Files</Filter>
    </ClCompile>
    <ClCompile Include="..\..\..\..\..\..\..\Middlewares\Third_Party\LibJPEG\source\jdpostct.c">
      <Filter>Source Files</Filter>
    </ClCompile>
    <ClCompile Include="..\..\..\..\..\..\..\Middlewares\Third_Party\LibJPEG\source\jdsample.c">
      <Filter>Source Files</Filter>
    </ClCompile>
    <ClCompile Include="..\..\..\..\..\..\..\Middlewares\Third_Party\LibJPEG\source\jdtrans.c">
      <Filter>Source Files</Filter>
    </ClCompile>
    <ClCompile Include="..\..\..\..\..\..\..\Middlewares\Third_Party\LibJPEG\source\jerror.c">
      <Filter>Source Files</Filter>
    </ClCompile>
    <ClCompile Include="..\..\..\..\..\..\..\Middlewares\Third_Party\LibJPEG\source\jidctflt.c">
      <Filter>Source Files</Filter>
    </ClCompile>
    <ClCompile Include="..\..\..\..\..\..\..\Middlewares\Third_Party\LibJPEG\source\jidctfst.c">
      <Filter>Source Files</Filter>
    </ClCompile>
    <ClCompile Include="..\..\..\..\..\..\..\Middlewares\Third_Party\LibJPEG\source\jidctint.c">
      <Filter>Source Files</Filter>
    </ClCompile>
    <ClCompile Include="..\..\..\..\..\..\..\Middlewares\Third_Party\LibJPEG\source\jmemmgr.c">
      <Filter>Source Files</Filter>
    </ClCompile>
    <ClCompile Include="..\..\..\..\..\..\..\Middlewares\Third_Party\LibJPEG\source\jmemnobs.c">
      <Filter>Source Files</Filter>
    </ClCompile>
    <ClCompile Include="..\..\..\..\..\..\..\Middlewares\Third_Party\LibJPEG\source\jquant1.c">
      <Filter>Source Files</Filter>
    </ClCompile>
    <ClCompile Include="..\..\..\..\..\..\..\Middlewares\Third_Party\LibJPEG\source\jquant2.c">
      <Filter>Source Files</Filter>
    </ClCompile>
    <ClCompile Include="..\..\..\..\..\..\..\Middlewares\Third_Party\LibJPEG\source\jutils.c">
      <Filter>Source Files</Filter>
    </ClCompile>
    <ClCompile Include="$(TouchGFXReleasePath)\framework\source\platform\driver\touch\SDL2TouchController.cpp">
      <Filter>Source Files</Filter>
    </ClCompile>
    <ClCompile Include="$(TouchGFXReleasePath)\framework\source\platform\hal\simulator\sdl2\HALSDL2.cpp">
      <Filter>Source Files</Filter>
    </ClCompile>
    <ClCompile Include="$(TouchGFXReleasePath)\framework\source\platform\hal\simulator\sdl2\HALSDL2_icon.cpp">
      <Filter>Source Files</Filter>
    </ClCompile>
    <ClCompile Include="$(TouchGFXReleasePath)\framework\source\platform\hal\simulator\sdl2\OSWrappers.cpp">
      <Filter>Source Files</Filter>
    </ClCompile>
  </ItemGroup>
  <ItemGroup>
    <None Include="..\..\assets\fonts\Asap-Regular.ttf">
      <Filter>Resource Files\fonts</Filter>
    </None>
    <None Include="..\..\assets\fonts\NotoSans-Regular.ttf">
      <Filter>Resource Files\fonts</Filter>
    </None>
    <None Include="..\..\assets\fonts\Roboto-Bold.ttf">
      <Filter>Resource Files\fonts</Filter>
    </None>
    <None Include="..\..\assets\fonts\Roboto-Medium.ttf">
      <Filter>Resource Files\fonts</Filter>
    </None>
    <None Include="..\..\assets\fonts\RobotoCondensed-Bold.ttf">
      <Filter>Resource Files\fonts</Filter>
    </None>
    <None Include="..\..\assets\fonts\RobotoCondensed-Regular.ttf">
      <Filter>Resource Files\fonts</Filter>
    </None>
    <None Include="..\..\assets\images\AnimatingButtonsMenu\Animating_buttons_background.png">
      <Filter>Resource Files\images\AnimatingButtonsMenu</Filter>
    </None>
    <None Include="..\..\assets\images\AnimatingButtonsMenu\Animating_buttons_full_table_shadow_bottom.png">
      <Filter>Resource Files\images\AnimatingButtonsMenu</Filter>
    </None>
    <None Include="..\..\assets\images\AnimatingButtonsMenu\Animating_buttons_full_table_shadow_left.png">
      <Filter>Resource Files\images\AnimatingButtonsMenu</Filter>
    </None>
    <None Include="..\..\assets\images\AnimatingButtonsMenu\Animating_buttons_full_table_shadow_right.png">
      <Filter>Resource Files\images\AnimatingButtonsMenu</Filter>
    </None>
    <None Include="..\..\assets\images\AnimatingButtonsMenu\animating_buttons_menu_icons_2048_tiny.png">
      <Filter>Resource Files\images\AnimatingButtonsMenu</Filter>
    </None>
    <None Include="..\..\assets\images\AnimatingButtonsMenu\animating_buttons_menu_icons_audio_player_tiny.png">
      <Filter>Resource Files\images\AnimatingButtonsMenu</Filter>
    </None>
    <None Include="..\..\assets\images\AnimatingButtonsMenu\animating_buttons_menu_icons_controls_tiny.png">
      <Filter>Resource Files\images\AnimatingButtonsMenu</Filter>
    </None>
    <None Include="..\..\assets\images\AnimatingButtonsMenu\animating_buttons_menu_icons_game_2d_tiny.png">
      <Filter>Resource Files\images\AnimatingButtonsMenu</Filter>
    </None>
    <None Include="..\..\assets\images\AnimatingButtonsMenu\animating_buttons_menu_icons_home_automation_tiny.png">
      <Filter>Resource Files\images\AnimatingButtonsMenu</Filter>
    </None>
    <None Include="..\..\assets\images\AnimatingButtonsMenu\animating_buttons_menu_icons_settings_tiny.png">
      <Filter>Resource Files\images\AnimatingButtonsMenu</Filter>
    </None>
    <None Include="..\..\assets\images\AnimatingButtonsMenu\animating_buttons_menu_icons_video_player_tiny.png">
      <Filter>Resource Files\images\AnimatingButtonsMenu</Filter>
    </None>
    <None Include="..\..\assets\images\AnimatingButtonsMenu\Animating_buttons_table_element_shadow.png">
      <Filter>Resource Files\images\AnimatingButtonsMenu</Filter>
    </None>
    <None Include="..\..\assets\images\Audio\back_notPressed.png">
      <Filter>Resource Files\images\Audio</Filter>
    </None>
    <None Include="..\..\assets\images\Audio\back_Pressed.png">
      <Filter>Resource Files\images\Audio</Filter>
    </None>
    <None Include="..\..\assets\images\Audio\fore_not_pressed.png">
      <Filter>Resource Files\images\Audio</Filter>
    </None>
    <None Include="..\..\assets\images\Audio\fore_pressed.png">
      <Filter>Resource Files\images\Audio</Filter>
    </None>
    <None Include="..\..\assets\images\Audio\pause_notPressed.png">
      <Filter>Resource Files\images\Audio</Filter>
    </None>
    <None Include="..\..\assets\images\Audio\pause_pressed.png">
      <Filter>Resource Files\images\Audio</Filter>
    </None>
    <None Include="..\..\assets\images\Audio\play_notPressed.png">
      <Filter>Resource Files\images\Audio</Filter>
    </None>
    <None Include="..\..\assets\images\Audio\play_Pressed1.png">
      <Filter>Resource Files\images\Audio</Filter>
    </None>
    <None Include="..\..\assets\images\Audio\speaker_down_notPressed.png">
      <Filter>Resource Files\images\Audio</Filter>
    </None>
    <None Include="..\..\assets\images\Audio\speaker_down_Pressed.png">
      <Filter>Resource Files\images\Audio</Filter>
    </None>
    <None Include="..\..\assets\images\Audio\speaker_mute.png">
      <Filter>Resource Files\images\Audio</Filter>
    </None>
    <None Include="..\..\assets\images\Audio\speaker_notmute.png">
      <Filter>Resource Files\images\Audio</Filter>
    </None>
    <None Include="..\..\assets\images\Audio\speaker_up_Pressed.png">
      <Filter>Resource Files\images\Audio</Filter>
    </None>
    <None Include="..\..\assets\images\Audio\stop_notPressed.png">
      <Filter>Resource Files\images\Audio</Filter>
    </None>
    <None Include="..\..\assets\images\Audio\stop_Pressed.png">
      <Filter>Resource Files\images\Audio</Filter>
    </None>
    <None Include="..\..\assets\images\AudioPlayer\album_circle_256.png">
      <Filter>Resource Files\images\AudioPlayer</Filter>
    </None>
    <None Include="..\..\assets\images\AudioPlayer\album_circle_shadow.png">
      <Filter>Resource Files\images\AudioPlayer</Filter>
    </None>
    <None Include="..\..\assets\images\AudioPlayer\back_icon_pressed.png">
      <Filter>Resource Files\images\AudioPlayer</Filter>
    </None>
    <None Include="..\..\assets\images\AudioPlayer\cover_small.png">
      <Filter>Resource Files\images\AudioPlayer</Filter>
    </None>
    <None Include="..\..\assets\images\AudioPlayer\cover_tiny.png">
      <Filter>Resource Files\images\AudioPlayer</Filter>
    </None>
    <None Include="..\..\assets\images\AudioPlayer\delete_icon.png">
      <Filter>Resource Files\images\AudioPlayer</Filter>
    </None>
    <None Include="..\..\assets\images\AudioPlayer\equalizer_background.png">
      <Filter>Resource Files\images\AudioPlayer</Filter>
    </None>
    <None Include="..\..\assets\images\AudioPlayer\equalizer_bar_fill.png">
      <Filter>Resource Files\images\AudioPlayer</Filter>
    </None>
    <None Include="..\..\assets\images\AudioPlayer\equalizer_bar_knop.png">
      <Filter>Resource Files\images\AudioPlayer</Filter>
    </None>
    <None Include="..\..\assets\images\AudioPlayer\equalizer_bar_unfill.png">
      <Filter>Resource Files\images\AudioPlayer</Filter>
    </None>
    <None Include="..\..\assets\images\AudioPlayer\equalizer_db_value.png">
      <Filter>Resource Files\images\AudioPlayer</Filter>
    </None>
    <None Include="..\..\assets\images\AudioPlayer\equalizer_icon.png">
      <Filter>Resource Files\images\AudioPlayer</Filter>
    </None>
    <None Include="..\..\assets\images\AudioPlayer\equalizer_icon_pressed.png">
      <Filter>Resource Files\images\AudioPlayer</Filter>
    </None>
    <None Include="..\..\assets\images\AudioPlayer\folder_icon.png">
      <Filter>Resource Files\images\AudioPlayer</Filter>
    </None>
    <None Include="..\..\assets\images\AudioPlayer\folder_list_icon.png">
      <Filter>Resource Files\images\AudioPlayer</Filter>
    </None>
    <None Include="..\..\assets\images\AudioPlayer\loudness_knop.png">
      <Filter>Resource Files\images\AudioPlayer</Filter>
    </None>
    <None Include="..\..\assets\images\AudioPlayer\music_player_list_cover-mask.png">
      <Filter>Resource Files\images\AudioPlayer</Filter>
    </None>
    <None Include="..\..\assets\images\AudioPlayer\music_player_list_cover_shadow.png">
      <Filter>Resource Files\images\AudioPlayer</Filter>
    </None>
    <None Include="..\..\assets\images\AudioPlayer\music_player_list_line.png">
      <Filter>Resource Files\images\AudioPlayer</Filter>
    </None>
    <None Include="..\..\assets\images\AudioPlayer\music_player_list_line_blue.png">
      <Filter>Resource Files\images\AudioPlayer</Filter>
    </None>
    <None Include="..\..\assets\images\AudioPlayer\music_player_list_play_overlay.png">
      <Filter>Resource Files\images\AudioPlayer</Filter>
    </None>
    <None Include="..\..\assets\images\AudioPlayer\next_button.png">
      <Filter>Resource Files\images\AudioPlayer</Filter>
    </None>
    <None Include="..\..\assets\images\AudioPlayer\next_button_pressed.png">
      <Filter>Resource Files\images\AudioPlayer</Filter>
    </None>
    <None Include="..\..\assets\images\AudioPlayer\pause_button.png">
      <Filter>Resource Files\images\AudioPlayer</Filter>
    </None>
    <None Include="..\..\assets\images\AudioPlayer\play_button.png">
      <Filter>Resource Files\images\AudioPlayer</Filter>
    </None>
    <None Include="..\..\assets\images\AudioPlayer\play_button_pressed.png">
      <Filter>Resource Files\images\AudioPlayer</Filter>
    </None>
    <None Include="..\..\assets\images\AudioPlayer\player-_list_process_circle_.png">
      <Filter>Resource Files\images\AudioPlayer</Filter>
    </None>
    <None Include="..\..\assets\images\AudioPlayer\playlist_icon.png">
      <Filter>Resource Files\images\AudioPlayer</Filter>
    </None>
    <None Include="..\..\assets\images\AudioPlayer\playlist_icon_pressed.png">
      <Filter>Resource Files\images\AudioPlayer</Filter>
    </None>
    <None Include="..\..\assets\images\AudioPlayer\playlist_remove.png">
      <Filter>Resource Files\images\AudioPlayer</Filter>
    </None>
    <None Include="..\..\assets\images\AudioPlayer\playlist_remove_pressed.png">
      <Filter>Resource Files\images\AudioPlayer</Filter>
    </None>
    <None Include="..\..\assets\images\AudioPlayer\playlist_underline.png">
      <Filter>Resource Files\images\AudioPlayer</Filter>
    </None>
    <None Include="..\..\assets\images\AudioPlayer\previous_button.png">
      <Filter>Resource Files\images\AudioPlayer</Filter>
    </None>
    <None Include="..\..\assets\images\AudioPlayer\previous_button_pressed.png">
      <Filter>Resource Files\images\AudioPlayer</Filter>
    </None>
    <None Include="..\..\assets\images\AudioPlayer\process_circle.png">
      <Filter>Resource Files\images\AudioPlayer</Filter>
    </None>
    <None Include="..\..\assets\images\AudioPlayer\process_circle_knop.png">
      <Filter>Resource Files\images\AudioPlayer</Filter>
    </None>
    <None Include="..\..\assets\images\AudioPlayer\song_list_icon.png">
      <Filter>Resource Files\images\AudioPlayer</Filter>
    </None>
    <None Include="..\..\assets\images\AudioPlayer\volume_bar.png">
      <Filter>Resource Files\images\AudioPlayer</Filter>
    </None>
    <None Include="..\..\assets\images\AudioPlayer\volume_bar_fill.png">
      <Filter>Resource Files\images\AudioPlayer</Filter>
    </None>
    <None Include="..\..\assets\images\AudioPlayer\volume_icon.png">
      <Filter>Resource Files\images\AudioPlayer</Filter>
    </None>
    <None Include="..\..\assets\images\AudioPlayer\volume_knob.png">
      <Filter>Resource Files\images\AudioPlayer</Filter>
    </None>
    <None Include="..\..\assets\images\CarouselMenu\carousel_background.png">
      <Filter>Resource Files\images\CarouselMenu</Filter>
    </None>
    <None Include="..\..\assets\images\CarouselMenu\carousel_menu_icons_2048_large.png">
      <Filter>Resource Files\images\CarouselMenu</Filter>
    </None>
    <None Include="..\..\assets\images\CarouselMenu\carousel_menu_icons_2048_medium.png">
      <Filter>Resource Files\images\CarouselMenu</Filter>
    </None>
    <None Include="..\..\assets\images\CarouselMenu\carousel_menu_icons_2048_small.png">
      <Filter>Resource Files\images\CarouselMenu</Filter>
    </None>
    <None Include="..\..\assets\images\CarouselMenu\carousel_menu_icons_audio_player_large.png">
      <Filter>Resource Files\images\CarouselMenu</Filter>
    </None>
    <None Include="..\..\assets\images\CarouselMenu\carousel_menu_icons_audio_player_medium.png">
      <Filter>Resource Files\images\CarouselMenu</Filter>
    </None>
    <None Include="..\..\assets\images\CarouselMenu\carousel_menu_icons_audio_player_small.png">
      <Filter>Resource Files\images\CarouselMenu</Filter>
    </None>
    <None Include="..\..\assets\images\CarouselMenu\carousel_menu_icons_controls_large.png">
      <Filter>Resource Files\images\CarouselMenu</Filter>
    </None>
    <None Include="..\..\assets\images\CarouselMenu\carousel_menu_icons_controls_medium.png">
      <Filter>Resource Files\images\CarouselMenu</Filter>
    </None>
    <None Include="..\..\assets\images\CarouselMenu\carousel_menu_icons_controls_small.png">
      <Filter>Resource Files\images\CarouselMenu</Filter>
    </None>
    <None Include="..\..\assets\images\CarouselMenu\carousel_menu_icons_home_automation_large.png">
      <Filter>Resource Files\images\CarouselMenu</Filter>
    </None>
    <None Include="..\..\assets\images\CarouselMenu\carousel_menu_icons_home_automation_medium.png">
      <Filter>Resource Files\images\CarouselMenu</Filter>
    </None>
    <None Include="..\..\assets\images\CarouselMenu\carousel_menu_icons_home_automation_small.png">
      <Filter>Resource Files\images\CarouselMenu</Filter>
    </None>
    <None Include="..\..\assets\images\CarouselMenu\carousel_menu_icons_settings_large.png">
      <Filter>Resource Files\images\CarouselMenu</Filter>
    </None>
    <None Include="..\..\assets\images\CarouselMenu\carousel_menu_icons_settings_medium.png">
      <Filter>Resource Files\images\CarouselMenu</Filter>
    </None>
    <None Include="..\..\assets\images\CarouselMenu\carousel_menu_icons_settings_small.png">
      <Filter>Resource Files\images\CarouselMenu</Filter>
    </None>
    <None Include="..\..\assets\images\CarouselMenu\carousel_menu_icons_video_player_large.png">
      <Filter>Resource Files\images\CarouselMenu</Filter>
    </None>
    <None Include="..\..\assets\images\CarouselMenu\carousel_menu_icons_video_player_medium.png">
      <Filter>Resource Files\images\CarouselMenu</Filter>
    </None>
    <None Include="..\..\assets\images\CarouselMenu\carousel_menu_icons_video_player_small.png">
      <Filter>Resource Files\images\CarouselMenu</Filter>
    </None>
    <None Include="..\..\assets\images\CarouselMenu\menu_toggle_button.png">
      <Filter>Resource Files\images\CarouselMenu</Filter>
    </None>
    <None Include="..\..\assets\images\CarouselMenu\menu_toggle_button_pressed.png">
      <Filter>Resource Files\images\CarouselMenu</Filter>
    </None>
    <None Include="..\..\assets\images\CarouselMenu\st_menu_button.png">
      <Filter>Resource Files\images\CarouselMenu</Filter>
    </None>
    <None Include="..\..\assets\images\CarouselMenu\st_menu_button_pressed.png">
      <Filter>Resource Files\images\CarouselMenu</Filter>
    </None>
    <None Include="..\..\assets\images\Common\back.png">
      <Filter>Resource Files\images\Common</Filter>
    </None>
    <None Include="..\..\assets\images\Common\common_player_bar.png">
      <Filter>Resource Files\images\Common</Filter>
    </None>
    <None Include="..\..\assets\images\Common\overlay_background.png">
      <Filter>Resource Files\images\Common</Filter>
    </None>
    <None Include="..\..\assets\images\Common\overlay_background_shadow.png">
      <Filter>Resource Files\images\Common</Filter>
    </None>
    <None Include="..\..\assets\images\Controls\board_image.png">
      <Filter>Resource Files\images\Controls</Filter>
    </None>
    <None Include="..\..\assets\images\Controls\clock_settings_AM.png">
      <Filter>Resource Files\images\Controls</Filter>
    </None>
    <None Include="..\..\assets\images\Controls\clock_settings_circle.png">
      <Filter>Resource Files\images\Controls</Filter>
    </None>
    <None Include="..\..\assets\images\Controls\clock_settings_circleSelected.png">
      <Filter>Resource Files\images\Controls</Filter>
    </None>
    <None Include="..\..\assets\images\Controls\clock_settings_colon.png">
      <Filter>Resource Files\images\Controls</Filter>
    </None>
    <None Include="..\..\assets\images\Controls\clock_settings_PM.png">
      <Filter>Resource Files\images\Controls</Filter>
    </None>
    <None Include="..\..\assets\images\Controls\clock\blue_glow.png">
      <Filter>Resource Files\images\Controls\clock</Filter>
    </None>
    <None Include="..\..\assets\images\Controls\clock\clock_00_background.png">
      <Filter>Resource Files\images\Controls\clock</Filter>
    </None>
    <None Include="..\..\assets\images\Controls\clock\clock_00_hour_hand.png">
      <Filter>Resource Files\images\Controls\clock</Filter>
    </None>
    <None Include="..\..\assets\images\Controls\clock\clock_00_minute_hand.png">
      <Filter>Resource Files\images\Controls\clock</Filter>
    </None>
    <None Include="..\..\assets\images\Controls\clock\clock_00_second_hand.png">
      <Filter>Resource Files\images\Controls\clock</Filter>
    </None>
    <None Include="..\..\assets\images\Controls\clock\clock_01_background.png">
      <Filter>Resource Files\images\Controls\clock</Filter>
    </None>
    <None Include="..\..\assets\images\Controls\clock\clock_01_hour_hand.png">
      <Filter>Resource Files\images\Controls\clock</Filter>
    </None>
    <None Include="..\..\assets\images\Controls\clock\clock_01_minute_hand.png">
      <Filter>Resource Files\images\Controls\clock</Filter>
    </None>
    <None Include="..\..\assets\images\Controls\clock\clock_01_second_hand.png">
      <Filter>Resource Files\images\Controls\clock</Filter>
    </None>
    <None Include="..\..\assets\images\Controls\clock\clock_02_background.png">
      <Filter>Resource Files\images\Controls\clock</Filter>
    </None>
    <None Include="..\..\assets\images\Controls\clock\clock_02_hour_hand.png">
      <Filter>Resource Files\images\Controls\clock</Filter>
    </None>
    <None Include="..\..\assets\images\Controls\clock\clock_02_minute_hand.png">
      <Filter>Resource Files\images\Controls\clock</Filter>
    </None>
    <None Include="..\..\assets\images\Controls\clock\clock_02_second_hand.png">
      <Filter>Resource Files\images\Controls\clock</Filter>
    </None>
    <None Include="..\..\assets\images\Controls\control_line_indicator.png">
      <Filter>Resource Files\images\Controls</Filter>
    </None>
    <None Include="..\..\assets\images\Controls\controls_2dots.png">
      <Filter>Resource Files\images\Controls</Filter>
    </None>
    <None Include="..\..\assets\images\Controls\controls_3dots.png">
      <Filter>Resource Files\images\Controls</Filter>
    </None>
    <None Include="..\..\assets\images\Controls\controls_4dots.png">
      <Filter>Resource Files\images\Controls</Filter>
    </None>
    <None Include="..\..\assets\images\Controls\controls_background.png">
      <Filter>Resource Files\images\Controls</Filter>
    </None>
    <None Include="..\..\assets\images\Controls\dot_indicator_.png">
      <Filter>Resource Files\images\Controls</Filter>
    </None>
    <None Include="..\..\assets\images\Controls\dot_indicator_highlighted.png">
      <Filter>Resource Files\images\Controls</Filter>
    </None>
    <None Include="..\..\assets\images\Controls\icon_brightness_large.png">
      <Filter>Resource Files\images\Controls</Filter>
    </None>
    <None Include="..\..\assets\images\Controls\icon_brightness_small.png">
      <Filter>Resource Files\images\Controls</Filter>
    </None>
    <None Include="..\..\assets\images\Controls\menu_icon.png">
      <Filter>Resource Files\images\Controls</Filter>
    </None>
    <None Include="..\..\assets\images\Controls\menu_icon_pressed.png">
      <Filter>Resource Files\images\Controls</Filter>
    </None>
    <None Include="..\..\assets\images\Controls\settings_button.png">
      <Filter>Resource Files\images\Controls</Filter>
    </None>
    <None Include="..\..\assets\images\Controls\settings_button_pressed.png">
      <Filter>Resource Files\images\Controls</Filter>
    </None>
    <None Include="..\..\assets\images\Controls\settings_calendar.png">
      <Filter>Resource Files\images\Controls</Filter>
    </None>
    <None Include="..\..\assets\images\Controls\settings_done.png">
      <Filter>Resource Files\images\Controls</Filter>
    </None>
    <None Include="..\..\assets\images\Controls\settings_done_pressed.png">
      <Filter>Resource Files\images\Controls</Filter>
    </None>
    <None Include="..\..\assets\images\Controls\settings_next.png">
      <Filter>Resource Files\images\Controls</Filter>
    </None>
    <None Include="..\..\assets\images\Controls\settings_next_pressed.png">
      <Filter>Resource Files\images\Controls</Filter>
    </None>
    <None Include="..\..\assets\images\Controls\slider.png">
      <Filter>Resource Files\images\Controls</Filter>
    </None>
    <None Include="..\..\assets\images\Controls\slider_full.png">
      <Filter>Resource Files\images\Controls</Filter>
    </None>
    <None Include="..\..\assets\images\Controls\slider_knop.png">
      <Filter>Resource Files\images\Controls</Filter>
    </None>
    <None Include="..\..\assets\images\Controls\value_indicator_arrow.png">
      <Filter>Resource Files\images\Controls</Filter>
    </None>
    <None Include="..\..\assets\images\Controls\value_indicator_circle.png">
      <Filter>Resource Files\images\Controls</Filter>
    </None>
    <None Include="..\..\assets\images\Controls\value_indicator_glow.png">
      <Filter>Resource Files\images\Controls</Filter>
    </None>
    <None Include="..\..\assets\images\Controls\value_indicator_wheel.png">
      <Filter>Resource Files\images\Controls</Filter>
    </None>
    <None Include="..\..\assets\images\Game2048\auto_play_button.png">
      <Filter>Resource Files\images\Game2048</Filter>
    </None>
    <None Include="..\..\assets\images\Game2048\auto_play_button_pressed.png">
      <Filter>Resource Files\images\Game2048</Filter>
    </None>
    <None Include="..\..\assets\images\Game2048\game_2048_background.png">
      <Filter>Resource Files\images\Game2048</Filter>
    </None>
    <None Include="..\..\assets\images\Game2048\game_2048_dot_off.png">
      <Filter>Resource Files\images\Game2048</Filter>
    </None>
    <None Include="..\..\assets\images\Game2048\game_2048_dot_on.png">
      <Filter>Resource Files\images\Game2048</Filter>
    </None>
    <None Include="..\..\assets\images\Game2048\game_2048_game_over.png">
      <Filter>Resource Files\images\Game2048</Filter>
    </None>
    <None Include="..\..\assets\images\Game2048\game_2048_menu_button.png">
      <Filter>Resource Files\images\Game2048</Filter>
    </None>
    <None Include="..\..\assets\images\Game2048\game_2048_menu_button_pressed.png">
      <Filter>Resource Files\images\Game2048</Filter>
    </None>
    <None Include="..\..\assets\images\Game2048\game_2048_you_win.png">
      <Filter>Resource Files\images\Game2048</Filter>
    </None>
    <None Include="..\..\assets\images\Game2048\how_to_play_00.png">
      <Filter>Resource Files\images\Game2048</Filter>
    </None>
    <None Include="..\..\assets\images\Game2048\how_to_play_01.png">
      <Filter>Resource Files\images\Game2048</Filter>
    </None>
    <None Include="..\..\assets\images\Game2048\how_to_play_02.png">
      <Filter>Resource Files\images\Game2048</Filter>
    </None>
    <None Include="..\..\assets\images\Game2048\how_to_play_background.png">
      <Filter>Resource Files\images\Game2048</Filter>
    </None>
    <None Include="..\..\assets\images\Game2048\how_to_play_button.png">
      <Filter>Resource Files\images\Game2048</Filter>
    </None>
    <None Include="..\..\assets\images\Game2048\how_to_play_button_pressed.png">
      <Filter>Resource Files\images\Game2048</Filter>
    </None>
    <None Include="..\..\assets\images\Game2048\how_to_play_close_button.png">
      <Filter>Resource Files\images\Game2048</Filter>
    </None>
    <None Include="..\..\assets\images\Game2048\new_game_button.png">
      <Filter>Resource Files\images\Game2048</Filter>
    </None>
    <None Include="..\..\assets\images\Game2048\new_game_button_pressed.png">
      <Filter>Resource Files\images\Game2048</Filter>
    </None>
    <None Include="..\..\assets\images\Game2048\tile_0002.png">
      <Filter>Resource Files\images\Game2048</Filter>
    </None>
    <None Include="..\..\assets\images\Game2048\tile_0004.png">
      <Filter>Resource Files\images\Game2048</Filter>
    </None>
    <None Include="..\..\assets\images\Game2048\tile_0008.png">
      <Filter>Resource Files\images\Game2048</Filter>
    </None>
    <None Include="..\..\assets\images\Game2048\tile_0016.png">
      <Filter>Resource Files\images\Game2048</Filter>
    </None>
    <None Include="..\..\assets\images\Game2048\tile_0032.png">
      <Filter>Resource Files\images\Game2048</Filter>
    </None>
    <None Include="..\..\assets\images\Game2048\tile_0064.png">
      <Filter>Resource Files\images\Game2048</Filter>
    </None>
    <None Include="..\..\assets\images\Game2048\tile_0128.png">
      <Filter>Resource Files\images\Game2048</Filter>
    </None>
    <None Include="..\..\assets\images\Game2048\tile_0256.png">
      <Filter>Resource Files\images\Game2048</Filter>
    </None>
    <None Include="..\..\assets\images\Game2048\tile_0512.png">
      <Filter>Resource Files\images\Game2048</Filter>
    </None>
    <None Include="..\..\assets\images\Game2048\tile_1024.png">
      <Filter>Resource Files\images\Game2048</Filter>
    </None>
    <None Include="..\..\assets\images\Game2048\tile_2048.png">
      <Filter>Resource Files\images\Game2048</Filter>
    </None>
    <None Include="..\..\assets\images\HomeAutomation\active_00.png">
      <Filter>Resource Files\images\HomeAutomation</Filter>
    </None>
    <None Include="..\..\assets\images\HomeAutomation\active_01.png">
      <Filter>Resource Files\images\HomeAutomation</Filter>
    </None>
    <None Include="..\..\assets\images\HomeAutomation\active_02.png">
      <Filter>Resource Files\images\HomeAutomation</Filter>
    </None>
    <None Include="..\..\assets\images\HomeAutomation\blinds_icon_32.png">
      <Filter>Resource Files\images\HomeAutomation</Filter>
    </None>
    <None Include="..\..\assets\images\HomeAutomation\home_automation_background.png">
      <Filter>Resource Files\images\HomeAutomation</Filter>
    </None>
    <None Include="..\..\assets\images\HomeAutomation\home_login_background.png">
      <Filter>Resource Files\images\HomeAutomation</Filter>
    </None>
    <None Include="..\..\assets\images\HomeAutomation\home_room_image_00.png">
      <Filter>Resource Files\images\HomeAutomation</Filter>
    </None>
    <None Include="..\..\assets\images\HomeAutomation\home_room_image_01.png">
      <Filter>Resource Files\images\HomeAutomation</Filter>
    </None>
    <None Include="..\..\assets\images\HomeAutomation\home_room_image_02.png">
      <Filter>Resource Files\images\HomeAutomation</Filter>
    </None>
    <None Include="..\..\assets\images\HomeAutomation\home_room_image_03.png">
      <Filter>Resource Files\images\HomeAutomation</Filter>
    </None>
    <None Include="..\..\assets\images\HomeAutomation\home_room_image_04.png">
      <Filter>Resource Files\images\HomeAutomation</Filter>
    </None>
    <None Include="..\..\assets\images\HomeAutomation\home_room_image_05.png">
      <Filter>Resource Files\images\HomeAutomation</Filter>
    </None>
    <None Include="..\..\assets\images\HomeAutomation\home_room_image_06.png">
      <Filter>Resource Files\images\HomeAutomation</Filter>
    </None>
    <None Include="..\..\assets\images\HomeAutomation\home_room_image_07.png">
      <Filter>Resource Files\images\HomeAutomation</Filter>
    </None>
    <None Include="..\..\assets\images\HomeAutomation\home_room_image_08.png">
      <Filter>Resource Files\images\HomeAutomation</Filter>
    </None>
    <None Include="..\..\assets\images\HomeAutomation\home_room_image_09.png">
      <Filter>Resource Files\images\HomeAutomation</Filter>
    </None>
    <None Include="..\..\assets\images\HomeAutomation\home_room_selected_light.png">
      <Filter>Resource Files\images\HomeAutomation</Filter>
    </None>
    <None Include="..\..\assets\images\HomeAutomation\home_room_selected_lock.png">
      <Filter>Resource Files\images\HomeAutomation</Filter>
    </None>
    <None Include="..\..\assets\images\HomeAutomation\inactive.png">
      <Filter>Resource Files\images\HomeAutomation</Filter>
    </None>
    <None Include="..\..\assets\images\HomeAutomation\lights_icon_32.png">
      <Filter>Resource Files\images\HomeAutomation</Filter>
    </None>
    <None Include="..\..\assets\images\HomeAutomation\lock_icon_32.png">
      <Filter>Resource Files\images\HomeAutomation</Filter>
    </None>
    <None Include="..\..\assets\images\HomeAutomation\login\login_node_00.png">
      <Filter>Resource Files\images\HomeAutomation\login</Filter>
    </None>
    <None Include="..\..\assets\images\HomeAutomation\login\login_node_01.png">
      <Filter>Resource Files\images\HomeAutomation\login</Filter>
    </None>
    <None Include="..\..\assets\images\HomeAutomation\login\login_node_02.png">
      <Filter>Resource Files\images\HomeAutomation\login</Filter>
    </None>
    <None Include="..\..\assets\images\HomeAutomation\login\login_node_03.png">
      <Filter>Resource Files\images\HomeAutomation\login</Filter>
    </None>
    <None Include="..\..\assets\images\HomeAutomation\login\login_node_04.png">
      <Filter>Resource Files\images\HomeAutomation\login</Filter>
    </None>
    <None Include="..\..\assets\images\HomeAutomation\login\login_node_05.png">
      <Filter>Resource Files\images\HomeAutomation\login</Filter>
    </None>
    <None Include="..\..\assets\images\HomeAutomation\login\login_node_06.png">
      <Filter>Resource Files\images\HomeAutomation\login</Filter>
    </None>
    <None Include="..\..\assets\images\HomeAutomation\login\login_node_07.png">
      <Filter>Resource Files\images\HomeAutomation\login</Filter>
    </None>
    <None Include="..\..\assets\images\HomeAutomation\login\login_node_08.png">
      <Filter>Resource Files\images\HomeAutomation\login</Filter>
    </None>
    <None Include="..\..\assets\images\HomeAutomation\login\login_node_09.png">
      <Filter>Resource Files\images\HomeAutomation\login</Filter>
    </None>
    <None Include="..\..\assets\images\HomeAutomation\login\login_node_10.png">
      <Filter>Resource Files\images\HomeAutomation\login</Filter>
    </None>
    <None Include="..\..\assets\images\HomeAutomation\login\login_node_11.png">
      <Filter>Resource Files\images\HomeAutomation\login</Filter>
    </None>
    <None Include="..\..\assets\images\HomeAutomation\login\login_node_12.png">
      <Filter>Resource Files\images\HomeAutomation\login</Filter>
    </None>
    <None Include="..\..\assets\images\HomeAutomation\login\login_node_13.png">
      <Filter>Resource Files\images\HomeAutomation\login</Filter>
    </None>
    <None Include="..\..\assets\images\HomeAutomation\login\login_node_14.png">
      <Filter>Resource Files\images\HomeAutomation\login</Filter>
    </None>
    <None Include="..\..\assets\images\HomeAutomation\login\login_node_15.png">
      <Filter>Resource Files\images\HomeAutomation\login</Filter>
    </None>
    <None Include="..\..\assets\images\HomeAutomation\login\login_node_16.png">
      <Filter>Resource Files\images\HomeAutomation\login</Filter>
    </None>
    <None Include="..\..\assets\images\HomeAutomation\login\login_node_17.png">
      <Filter>Resource Files\images\HomeAutomation\login</Filter>
    </None>
    <None Include="..\..\assets\images\HomeAutomation\login\login_node_18.png">
      <Filter>Resource Files\images\HomeAutomation\login</Filter>
    </None>
    <None Include="..\..\assets\images\HomeAutomation\login\login_node_19.png">
      <Filter>Resource Files\images\HomeAutomation\login</Filter>
    </None>
    <None Include="..\..\assets\images\HomeAutomation\login\login_node_20.png">
      <Filter>Resource Files\images\HomeAutomation\login</Filter>
    </None>
    <None Include="..\..\assets\images\HomeAutomation\login\login_node_21.png">
      <Filter>Resource Files\images\HomeAutomation\login</Filter>
    </None>
    <None Include="..\..\assets\images\HomeAutomation\login\login_node_22.png">
      <Filter>Resource Files\images\HomeAutomation\login</Filter>
    </None>
    <None Include="..\..\assets\images\HomeAutomation\login\login_node_23.png">
      <Filter>Resource Files\images\HomeAutomation\login</Filter>
    </None>
    <None Include="..\..\assets\images\HomeAutomation\login\login_node_24.png">
      <Filter>Resource Files\images\HomeAutomation\login</Filter>
    </None>
    <None Include="..\..\assets\images\HomeAutomation\login\login_node_25.png">
      <Filter>Resource Files\images\HomeAutomation\login</Filter>
    </None>
    <None Include="..\..\assets\images\HomeAutomation\login\login_node_26.png">
      <Filter>Resource Files\images\HomeAutomation\login</Filter>
    </None>
    <None Include="..\..\assets\images\HomeAutomation\login\login_node_27.png">
      <Filter>Resource Files\images\HomeAutomation\login</Filter>
    </None>
    <None Include="..\..\assets\images\HomeAutomation\login\login_node_28.png">
      <Filter>Resource Files\images\HomeAutomation\login</Filter>
    </None>
    <None Include="..\..\assets\images\HomeAutomation\main_button_blinds.png">
      <Filter>Resource Files\images\HomeAutomation</Filter>
    </None>
    <None Include="..\..\assets\images\HomeAutomation\main_button_blinds_pressed.png">
      <Filter>Resource Files\images\HomeAutomation</Filter>
    </None>
    <None Include="..\..\assets\images\HomeAutomation\main_button_light.png">
      <Filter>Resource Files\images\HomeAutomation</Filter>
    </None>
    <None Include="..\..\assets\images\HomeAutomation\main_button_light_pressed.png">
      <Filter>Resource Files\images\HomeAutomation</Filter>
    </None>
    <None Include="..\..\assets\images\HomeAutomation\main_button_security.png">
      <Filter>Resource Files\images\HomeAutomation</Filter>
    </None>
    <None Include="..\..\assets\images\HomeAutomation\main_button_security_pressed.png">
      <Filter>Resource Files\images\HomeAutomation</Filter>
    </None>
    <None Include="..\..\assets\images\HomeAutomation\main_button_statistics.png">
      <Filter>Resource Files\images\HomeAutomation</Filter>
    </None>
    <None Include="..\..\assets\images\HomeAutomation\main_button_statistics_pressed.png">
      <Filter>Resource Files\images\HomeAutomation</Filter>
    </None>
    <None Include="..\..\assets\images\HomeAutomation\marker_active_00.png">
      <Filter>Resource Files\images\HomeAutomation</Filter>
    </None>
    <None Include="..\..\assets\images\HomeAutomation\marker_active_01.png">
      <Filter>Resource Files\images\HomeAutomation</Filter>
    </None>
    <None Include="..\..\assets\images\HomeAutomation\marker_active_02.png">
      <Filter>Resource Files\images\HomeAutomation</Filter>
    </None>
    <None Include="..\..\assets\images\HomeAutomation\marker_active_03.png">
      <Filter>Resource Files\images\HomeAutomation</Filter>
    </None>
    <None Include="..\..\assets\images\HomeAutomation\statistics_gradient_blue.png">
      <Filter>Resource Files\images\HomeAutomation</Filter>
    </None>
    <None Include="..\..\assets\images\HomeAutomation\statistics_gradient_blue_line.png">
      <Filter>Resource Files\images\HomeAutomation</Filter>
    </None>
    <None Include="..\..\assets\images\HomeAutomation\statistics_gradient_green.png">
      <Filter>Resource Files\images\HomeAutomation</Filter>
    </None>
    <None Include="..\..\assets\images\HomeAutomation\statistics_gradient_green_line.png">
      <Filter>Resource Files\images\HomeAutomation</Filter>
    </None>
    <None Include="..\..\assets\images\HomeAutomation\statistics_gradient_red.png">
      <Filter>Resource Files\images\HomeAutomation</Filter>
    </None>
    <None Include="..\..\assets\images\HomeAutomation\statistics_gradient_red_line.png">
      <Filter>Resource Files\images\HomeAutomation</Filter>
    </None>
    <None Include="..\..\assets\images\HomeAutomation\statistics_lower.png">
      <Filter>Resource Files\images\HomeAutomation</Filter>
    </None>
    <None Include="..\..\assets\images\HomeAutomation\statistics_upper.png">
      <Filter>Resource Files\images\HomeAutomation</Filter>
    </None>
    <None Include="..\..\assets\images\Movie\back_bar.png">
      <Filter>Resource Files\images\Movie</Filter>
    </None>
    <None Include="..\..\assets\images\Movie\back_button.png">
      <Filter>Resource Files\images\Movie</Filter>
    </None>
    <None Include="..\..\assets\images\Movie\back_button_pressed.png">
      <Filter>Resource Files\images\Movie</Filter>
    </None>
    <None Include="..\..\assets\images\Movie\back_icon.png">
      <Filter>Resource Files\images\Movie</Filter>
    </None>
    <None Include="..\..\assets\images\Movie\browse_folder_listitem_bar.png">
      <Filter>Resource Files\images\Movie</Filter>
    </None>
    <None Include="..\..\assets\images\Movie\browse_folder_listitem_bar_selected.png">
      <Filter>Resource Files\images\Movie</Filter>
    </None>
    <None Include="..\..\assets\images\Movie\browse_folder_navi_bar.png">
      <Filter>Resource Files\images\Movie</Filter>
    </None>
    <None Include="..\..\assets\images\Movie\browse_folder_shadow_bottom.png">
      <Filter>Resource Files\images\Movie</Filter>
    </None>
    <None Include="..\..\assets\images\Movie\browse_folder_shadow_right.png">
      <Filter>Resource Files\images\Movie</Filter>
    </None>
    <None Include="..\..\assets\images\Movie\browse_folder_shadow_top.png">
      <Filter>Resource Files\images\Movie</Filter>
    </None>
    <None Include="..\..\assets\images\Movie\browse_folder_title_bar.png">
      <Filter>Resource Files\images\Movie</Filter>
    </None>
    <None Include="..\..\assets\images\Movie\default_background.png">
      <Filter>Resource Files\images\Movie</Filter>
    </None>
    <None Include="..\..\assets\images\Movie\directory.png">
      <Filter>Resource Files\images\Movie</Filter>
    </None>
    <None Include="..\..\assets\images\Movie\document.png">
      <Filter>Resource Files\images\Movie</Filter>
    </None>
    <None Include="..\..\assets\images\Movie\done_button.png">
      <Filter>Resource Files\images\Movie</Filter>
    </None>
    <None Include="..\..\assets\images\Movie\done_button_pressed.png">
      <Filter>Resource Files\images\Movie</Filter>
    </None>
    <None Include="..\..\assets\images\Movie\empty_slot.png">
      <Filter>Resource Files\images\Movie</Filter>
    </None>
    <None Include="..\..\assets\images\Movie\folder.png">
      <Filter>Resource Files\images\Movie</Filter>
    </None>
    <None Include="..\..\assets\images\Movie\folder_icon_pressed.png">
      <Filter>Resource Files\images\Movie</Filter>
    </None>
    <None Include="..\..\assets\images\Movie\grid.png">
      <Filter>Resource Files\images\Movie</Filter>
    </None>
    <None Include="..\..\assets\images\Movie\grid_background.png">
      <Filter>Resource Files\images\Movie</Filter>
    </None>
    <None Include="..\..\assets\images\Movie\grid_pressed.png">
      <Filter>Resource Files\images\Movie</Filter>
    </None>
    <None Include="..\..\assets\images\Movie\loop.png">
      <Filter>Resource Files\images\Movie</Filter>
    </None>
    <None Include="..\..\assets\images\Movie\loop_active.png">
      <Filter>Resource Files\images\Movie</Filter>
    </None>
    <None Include="..\..\assets\images\Movie\menu_icon_white.png">
      <Filter>Resource Files\images\Movie</Filter>
    </None>
    <None Include="..\..\assets\images\Movie\minus.png">
      <Filter>Resource Files\images\Movie</Filter>
    </None>
    <None Include="..\..\assets\images\Movie\pause.png">
      <Filter>Resource Files\images\Movie</Filter>
    </None>
    <None Include="..\..\assets\images\Movie\play.png">
      <Filter>Resource Files\images\Movie</Filter>
    </None>
    <None Include="..\..\assets\images\Movie\play_overlay_grid.png">
      <Filter>Resource Files\images\Movie</Filter>
    </None>
    <None Include="..\..\assets\images\Movie\plus.png">
      <Filter>Resource Files\images\Movie</Filter>
    </None>
    <None Include="..\..\assets\images\Movie\selected.png">
      <Filter>Resource Files\images\Movie</Filter>
    </None>
    <None Include="..\..\assets\images\Movie\time_line.png">
      <Filter>Resource Files\images\Movie</Filter>
    </None>
    <None Include="..\..\assets\images\Movie\time_line_active.png">
      <Filter>Resource Files\images\Movie</Filter>
    </None>
    <None Include="..\..\assets\images\Movie\toggle_off.png">
      <Filter>Resource Files\images\Movie</Filter>
    </None>
    <None Include="..\..\assets\images\Movie\toggle_on.png">
      <Filter>Resource Files\images\Movie</Filter>
    </None>
    <None Include="..\..\assets\images\Movie\up_button.png">
      <Filter>Resource Files\images\Movie</Filter>
    </None>
    <None Include="..\..\assets\images\Movie\up_button_pressed.png">
      <Filter>Resource Files\images\Movie</Filter>
    </None>
    <None Include="..\..\assets\texts\texts.xlsx">
      <Filter>Resource Files\texts</Filter>
    </None>
    <None Include="..\..\assets\texts\~$texts.xlsx">
      <Filter>Resource Files\texts</Filter>
    </None>
    <None Include="..\..\config\msvs\Application.props">
      <Filter>Resource Files</Filter>
    </None>
  </ItemGroup>
  <ItemGroup>
    <ClInclude Include="..\..\gui\include\gui\audio_player_screen\Addons\SpiritDSP_Equalizer\spiritEQ.h">
      <Filter>Header Files\audio_player_screen\Addons\SpiritDSP_Equalizer</Filter>
    </ClInclude>
    <ClInclude Include="..\..\gui\include\gui\audio_player_screen\Addons\SpiritDSP_LoudnessControl\spiritLdCtrl.h">
      <Filter>Header Files\audio_player_screen\Addons\SpiritDSP_LoudnessControl</Filter>
    </ClInclude>
    <ClInclude Include="..\..\gui\include\gui\audio_player_screen\Addons\SpiritDSP_Mixer\spiritMixer.h">
      <Filter>Header Files\audio_player_screen\Addons\SpiritDSP_Mixer</Filter>
    </ClInclude>
    <ClInclude Include="..\..\gui\include\gui\audio_player_screen\audio_if.h">
      <Filter>Header Files\audio_player_screen</Filter>
    </ClInclude>
    <ClInclude Include="..\..\gui\include\gui\audio_player_screen\audio_player_app.h">
      <Filter>Header Files\audio_player_screen</Filter>
    </ClInclude>
    <ClInclude Include="..\..\gui\include\gui\audio_player_screen\AudioBottomBar.hpp">
      <Filter>Header Files\audio_player_screen</Filter>
    </ClInclude>
    <ClInclude Include="..\..\gui\include\gui\audio_player_screen\AudioPlayer.hpp">
      <Filter>Header Files\audio_player_screen</Filter>
    </ClInclude>
    <ClInclude Include="..\..\gui\include\gui\audio_player_screen\AudioPlayerPlaylist.hpp">
      <Filter>Header Files\audio_player_screen</Filter>
    </ClInclude>
    <ClInclude Include="..\..\gui\include\gui\audio_player_screen\AudioPlayerPresenter.hpp">
      <Filter>Header Files\audio_player_screen</Filter>
    </ClInclude>
    <ClInclude Include="..\..\gui\include\gui\audio_player_screen\AudioPlayerView.hpp">
      <Filter>Header Files\audio_player_screen</Filter>
    </ClInclude>
    <ClInclude Include="..\..\gui\include\gui\audio_player_screen\CoverWidget.hpp">
      <Filter>Header Files\audio_player_screen</Filter>
    </ClInclude>
    <ClInclude Include="..\..\gui\include\gui\audio_player_screen\Equalizer.hpp">
      <Filter>Header Files\audio_player_screen</Filter>
    </ClInclude>
    <ClInclude Include="..\..\gui\include\gui\common\AnimationTextureMapper.hpp">
      <Filter>Header Files\common</Filter>
    </ClInclude>
    <ClInclude Include="..\..\gui\include\gui\common\BottomBar.hpp">
      <Filter>Header Files\common</Filter>
    </ClInclude>
    <ClInclude Include="..\..\gui\include\gui\common\Carousel.hpp">
      <Filter>Header Files\common</Filter>
    </ClInclude>
    <ClInclude Include="..\..\gui\include\gui\common\CollapsibleMenu.hpp">
      <Filter>Header Files\common</Filter>
    </ClInclude>
    <ClInclude Include="..\..\gui\include\gui\common\CommonDefinitions.hpp">
      <Filter>Header Files\common</Filter>
    </ClInclude>
    <ClInclude Include="..\..\gui\include\gui\common\Defines.hpp">
      <Filter>Header Files\common</Filter>
    </ClInclude>
    <ClInclude Include="..\..\gui\include\gui\common\DemoPresenter.hpp">
      <Filter>Header Files\common</Filter>
    </ClInclude>
    <ClInclude Include="..\..\gui\include\gui\common\DemoView.hpp">
      <Filter>Header Files\common</Filter>
    </ClInclude>
    <ClInclude Include="..\..\gui\include\gui\common\DemoViewInterface.hpp">
      <Filter>Header Files\common</Filter>
    </ClInclude>
    <ClInclude Include="..\..\gui\include\gui\common\DotIndicator.hpp">
      <Filter>Header Files\common</Filter>
    </ClInclude>
    <ClInclude Include="..\..\gui\include\gui\common\ExtendedZoomAnimationImage.hpp">
      <Filter>Header Files\common</Filter>
    </ClInclude>
    <ClInclude Include="..\..\gui\include\gui\common\FrontendApplication.hpp">
      <Filter>Header Files\common</Filter>
    </ClInclude>
    <ClInclude Include="..\..\gui\include\gui\common\FrontendHeap.hpp">
      <Filter>Header Files\common</Filter>
    </ClInclude>
    <ClInclude Include="..\..\gui\include\gui\common\LoginWidget.hpp">
      <Filter>Header Files\common</Filter>
    </ClInclude>
    <ClInclude Include="..\..\gui\include\gui\common\Playlist.hpp">
      <Filter>Header Files\common</Filter>
    </ClInclude>
    <ClInclude Include="..\..\gui\include\gui\common\SwipeContainer.hpp">
      <Filter>Header Files\common</Filter>
    </ClInclude>
    <ClInclude Include="..\..\gui\include\gui\common\TiledImage.hpp">
      <Filter>Header Files\common</Filter>
    </ClInclude>
    <ClInclude Include="..\..\gui\include\gui\common\TopBar.hpp">
      <Filter>Header Files\common</Filter>
    </ClInclude>
    <ClInclude Include="..\..\gui\include\gui\common\Utils.hpp">
      <Filter>Header Files\common</Filter>
    </ClInclude>
    <ClInclude Include="..\..\gui\include\gui\common\ZoomAnimationBox.hpp">
      <Filter>Header Files\common</Filter>
    </ClInclude>
    <ClInclude Include="..\..\gui\include\gui\controls_screen\CircularValueIndicator.hpp">
      <Filter>Header Files\controls_screen</Filter>
    </ClInclude>
    <ClInclude Include="..\..\gui\include\gui\controls_screen\ControlsPresenter.hpp">
      <Filter>Header Files\controls_screen</Filter>
    </ClInclude>
    <ClInclude Include="..\..\gui\include\gui\controls_screen\ControlsView.hpp">
      <Filter>Header Files\controls_screen</Filter>
    </ClInclude>
    <ClInclude Include="..\..\gui\include\gui\game2048_screen\Game2048Presenter.hpp">
      <Filter>Header Files\game2048_screen</Filter>
    </ClInclude>
    <ClInclude Include="..\..\gui\include\gui\game2048_screen\Game2048View.hpp">
      <Filter>Header Files\game2048_screen</Filter>
    </ClInclude>
    <ClInclude Include="..\..\gui\include\gui\game2048_screen\GameBoard.hpp">
      <Filter>Header Files\game2048_screen</Filter>
    </ClInclude>
    <ClInclude Include="..\..\gui\include\gui\home_automation_screen\CirclePercentage.hpp">
      <Filter>Header Files\home_automation_screen</Filter>
    </ClInclude>
    <ClInclude Include="..\..\gui\include\gui\home_automation_screen\Graph.hpp">
      <Filter>Header Files\home_automation_screen</Filter>
    </ClInclude>
    <ClInclude Include="..\..\gui\include\gui\home_automation_screen\GraphLine.hpp">
      <Filter>Header Files\home_automation_screen</Filter>
    </ClInclude>
    <ClInclude Include="..\..\gui\include\gui\home_automation_screen\HomeAutomationPresenter.hpp">
      <Filter>Header Files\home_automation_screen</Filter>
    </ClInclude>
    <ClInclude Include="..\..\gui\include\gui\home_automation_screen\HomeAutomationView.hpp">
      <Filter>Header Files\home_automation_screen</Filter>
    </ClInclude>
    <ClInclude Include="..\..\gui\include\gui\home_automation_screen\PainterRGB888TiledBitmap.hpp">
      <Filter>Header Files\home_automation_screen</Filter>
    </ClInclude>
    <ClInclude Include="..\..\gui\include\gui\home_automation_screen\RoomControl.hpp">
      <Filter>Header Files\home_automation_screen</Filter>
    </ClInclude>
    <ClInclude Include="..\..\gui\include\gui\home_automation_screen\RoomControlAdjustable.hpp">
      <Filter>Header Files\home_automation_screen</Filter>
    </ClInclude>
    <ClInclude Include="..\..\gui\include\gui\home_automation_screen\RoomControlToggle.hpp">
      <Filter>Header Files\home_automation_screen</Filter>
    </ClInclude>
    <ClInclude Include="..\..\gui\include\gui\home_automation_screen\RoomControlWheel.hpp">
      <Filter>Header Files\home_automation_screen</Filter>
    </ClInclude>
    <ClInclude Include="..\..\gui\include\gui\home_automation_screen\StatisticsContainer.hpp">
      <Filter>Header Files\home_automation_screen</Filter>
    </ClInclude>
    <ClInclude Include="..\..\gui\include\gui\main_menu_screen\MainMenuAnimatingButtonsView.hpp">
      <Filter>Header Files\main_menu_screen</Filter>
    </ClInclude>
    <ClInclude Include="..\..\gui\include\gui\main_menu_screen\MainMenuCarouselView.hpp">
      <Filter>Header Files\main_menu_screen</Filter>
    </ClInclude>
    <ClInclude Include="..\..\gui\include\gui\main_menu_screen\MainMenuPresenter.hpp">
      <Filter>Header Files\main_menu_screen</Filter>
    </ClInclude>
    <ClInclude Include="..\..\gui\include\gui\main_menu_screen\MainMenuView.hpp">
      <Filter>Header Files\main_menu_screen</Filter>
    </ClInclude>
    <ClInclude Include="..\..\gui\include\gui\model\Model.hpp">
      <Filter>Header Files\model</Filter>
    </ClInclude>
    <ClInclude Include="..\..\gui\include\gui\model\ModelListener.hpp">
      <Filter>Header Files\model</Filter>
    </ClInclude>
    <ClInclude Include="..\..\gui\include\gui\model\Time.hpp">
      <Filter>Header Files\model</Filter>
    </ClInclude>
    <ClInclude Include="..\..\gui\include\gui\settings_screen\AnalogClock.hpp">
      <Filter>Header Files\settings_screen</Filter>
    </ClInclude>
    <ClInclude Include="..\..\gui\include\gui\settings_screen\AnalogClockWithSetTimeFunctionality.hpp">
      <Filter>Header Files\settings_screen</Filter>
    </ClInclude>
    <ClInclude Include="..\..\gui\include\gui\settings_screen\ClockSelectorContainer.hpp">
      <Filter>Header Files\settings_screen</Filter>
    </ClInclude>
    <ClInclude Include="..\..\gui\include\gui\settings_screen\DateSelectorContainer.hpp">
      <Filter>Header Files\settings_screen</Filter>
    </ClInclude>
    <ClInclude Include="..\..\gui\include\gui\settings_screen\SettingsPresenter.hpp">
      <Filter>Header Files\settings_screen</Filter>
    </ClInclude>
    <ClInclude Include="..\..\gui\include\gui\settings_screen\SettingsView.hpp">
      <Filter>Header Files\settings_screen</Filter>
    </ClInclude>
    <ClInclude Include="..\..\gui\include\gui\settings_screen\TimeSettingContainer.hpp">
      <Filter>Header Files\settings_screen</Filter>
    </ClInclude>
    <ClInclude Include="..\..\gui\include\gui\video_player_screen\FileInput.hpp">
      <Filter>Header Files\video_player_screen</Filter>
    </ClInclude>
    <ClInclude Include="..\..\gui\include\gui\video_player_screen\FolderWidget.hpp">
      <Filter>Header Files\video_player_screen</Filter>
    </ClInclude>
    <ClInclude Include="..\..\gui\include\gui\video_player_screen\mjpegreader.hpp">
      <Filter>Header Files\video_player_screen</Filter>
    </ClInclude>
    <ClInclude Include="..\..\gui\include\gui\video_player_screen\PlaylistWidget.hpp">
      <Filter>Header Files\video_player_screen</Filter>
    </ClInclude>
    <ClInclude Include="..\..\gui\include\gui\video_player_screen\video_types.hpp">
      <Filter>Header Files\video_player_screen</Filter>
    </ClInclude>
    <ClInclude Include="..\..\gui\include\gui\video_player_screen\VideoBottomBar.hpp">
      <Filter>Header Files\video_player_screen</Filter>
    </ClInclude>
    <ClInclude Include="..\..\gui\include\gui\video_player_screen\VideoPlayerPresenter.hpp">
      <Filter>Header Files\video_player_screen</Filter>
    </ClInclude>
    <ClInclude Include="..\..\gui\include\gui\video_player_screen\VideoPlayerView.hpp">
      <Filter>Header Files\video_player_screen</Filter>
    </ClInclude>
    <ClInclude Include="..\..\gui\include\gui\video_player_screen\VideoProgressBar.hpp">
      <Filter>Header Files\video_player_screen</Filter>
    </ClInclude>
    <ClInclude Include="..\..\gui\include\gui\audio_player_screen\CoverElement.hpp">
      <Filter>Header Files\audio_player_screen</Filter>
    </ClInclude>
    <ClInclude Include="..\..\gui\include\gui\settings_screen\DatePicker.hpp">
      <Filter>Header Files\settings_screen</Filter>
    </ClInclude>
    <ClInclude Include="..\..\gui\include\gui\settings_screen\WheelSelector.hpp">
      <Filter>Header Files\settings_screen</Filter>
    </ClInclude>
    <ClInclude Include="..\..\gui\include\gui\audio_player_screen\BMPFileLoader.hpp">
      <Filter>Header Files</Filter>
    </ClInclude>
    <ClInclude Include="..\..\gui\include\gui\audio_player_screen\AudioFolderWidget.hpp">
      <Filter>Header Files</Filter>
    </ClInclude>
    <ClInclude Include="..\..\gui\include\gui\home_automation_screen\PainterRGB565TiledBitmap.hpp">
      <Filter>Header Files\home_automation_screen</Filter>
    </ClInclude>
    <ClInclude Include="..\..\gui\include\gui\gameKnight_screen\Arrow.hpp">
      <Filter>Header Files\gameKnight_screen</Filter>
    </ClInclude>
    <ClInclude Include="..\..\gui\include\gui\gameKnight_screen\GameButton.hpp">
      <Filter>Header Files\gameKnight_screen</Filter>
    </ClInclude>
    <ClInclude Include="..\..\gui\include\gui\gameKnight_screen\GameKnightPresenter.hpp">
      <Filter>Header Files\gameKnight_screen</Filter>
    </ClInclude>
    <ClInclude Include="..\..\gui\include\gui\gameKnight_screen\GameKnightView.hpp">
      <Filter>Header Files\gameKnight_screen</Filter>
    </ClInclude>
    <ClInclude Include="..\..\gui\include\gui\gameKnight_screen\GameStatusPopup.hpp">
      <Filter>Header Files\gameKnight_screen</Filter>
    </ClInclude>
    <ClInclude Include="..\..\gui\include\gui\gameKnight_screen\Head.hpp">
      <Filter>Header Files\gameKnight_screen</Filter>
    </ClInclude>
    <ClInclude Include="..\..\gui\include\gui\gameKnight_screen\Knight.hpp">
      <Filter>Header Files\gameKnight_screen</Filter>
    </ClInclude>
    <ClInclude Include="..\..\gui\include\gui\gameKnight_screen\TiledImageBugFixed.hpp">
      <Filter>Header Files\gameKnight_screen</Filter>
    </ClInclude>
    <ClInclude Include="..\..\gui\include\gui\gameKnight_screen\Zombie.hpp">
      <Filter>Header Files\gameKnight_screen</Filter>
    </ClInclude>
    <ClInclude Include="..\..\gui\include\gui\bump_map_screen\BumpMap.hpp">
      <Filter>Header Files\bump_map_screen</Filter>
    </ClInclude>
    <ClInclude Include="..\..\gui\include\gui\bump_map_screen\BumpMapImage.hpp">
      <Filter>Header Files\bump_map_screen</Filter>
    </ClInclude>
    <ClInclude Include="..\..\gui\include\gui\bump_map_screen\BumpMapPresenter.hpp">
      <Filter>Header Files\bump_map_screen</Filter>
    </ClInclude>
    <ClInclude Include="..\..\gui\include\gui\bump_map_screen\BumpMapView.hpp">
      <Filter>Header Files\bump_map_screen</Filter>
    </ClInclude>
    <ClInclude Include="..\..\..\..\..\..\..\Middlewares\Third_Party\LibJPEG\include\jdata_conf_template.h">
      <Filter>Header Files</Filter>
    </ClInclude>
    <ClInclude Include="..\..\..\..\..\..\..\Middlewares\Third_Party\LibJPEG\include\cderror.h">
      <Filter>Header Files</Filter>
    </ClInclude>
    <ClInclude Include="..\..\..\..\..\..\..\Middlewares\Third_Party\LibJPEG\include\cdjpeg.h">
      <Filter>Header Files</Filter>
    </ClInclude>
    <ClInclude Include="..\..\..\..\..\..\..\Middlewares\Third_Party\LibJPEG\include\decode.h">
      <Filter>Header Files</Filter>
    </ClInclude>
    <ClInclude Include="..\..\..\..\..\..\..\Middlewares\Third_Party\LibJPEG\include\jconfig.h">
      <Filter>Header Files</Filter>
    </ClInclude>
    <ClInclude Include="..\..\..\..\..\..\..\Middlewares\Third_Party\LibJPEG\include\jconfig_template.h">
      <Filter>Header Files</Filter>
    </ClInclude>
    <ClInclude Include="..\..\..\..\..\..\..\Middlewares\Third_Party\LibJPEG\include\jdct.h">
      <Filter>Header Files</Filter>
    </ClInclude>
    <ClInclude Include="..\..\..\..\..\..\..\Middlewares\Third_Party\LibJPEG\include\jerror.h">
      <Filter>Header Files</Filter>
    </ClInclude>
    <ClInclude Include="..\..\..\..\..\..\..\Middlewares\Third_Party\LibJPEG\include\jinclude.h">
      <Filter>Header Files</Filter>
    </ClInclude>
    <ClInclude Include="..\..\..\..\..\..\..\Middlewares\Third_Party\LibJPEG\include\jmemsys.h">
      <Filter>Header Files</Filter>
    </ClInclude>
    <ClInclude Include="..\..\..\..\..\..\..\Middlewares\Third_Party\LibJPEG\include\jmorecfg.h">
      <Filter>Header Files</Filter>
    </ClInclude>
    <ClInclude Include="..\..\..\..\..\..\..\Middlewares\Third_Party\LibJPEG\include\jmorecfg_template.h">
      <Filter>Header Files</Filter>
    </ClInclude>
    <ClInclude Include="..\..\..\..\..\..\..\Middlewares\Third_Party\LibJPEG\include\jpegint.h">
      <Filter>Header Files</Filter>
    </ClInclude>
    <ClInclude Include="..\..\..\..\..\..\..\Middlewares\Third_Party\LibJPEG\include\jpeglib.h">
      <Filter>Header Files</Filter>
    </ClInclude>
    <ClInclude Include="..\..\..\..\..\..\..\Middlewares\Third_Party\LibJPEG\include\jversion.h">
      <Filter>Header Files</Filter>
    </ClInclude>
    <ClInclude Include="..\..\..\..\..\..\..\Middlewares\Third_Party\LibJPEG\include\transupp.h">
      <Filter>Header Files</Filter>
    </ClInclude>
  </ItemGroup>
  <ItemGroup>
    <ResourceCompile Include="..\touchgfx.rc">
      <Filter>Resource Files</Filter>
    </ResourceCompile>
  </ItemGroup>
  <ItemGroup>
    <Image Include="..\..\assets\images\GameKnight\arrow_image.png">
      <Filter>Resource Files\images\GameKnight</Filter>
    </Image>
    <Image Include="..\..\assets\images\GameKnight\attack_button.png">
      <Filter>Resource Files\images\GameKnight</Filter>
    </Image>
    <Image Include="..\..\assets\images\GameKnight\attack_button_pressed.png">
      <Filter>Resource Files\images\GameKnight</Filter>
    </Image>
    <Image Include="..\..\assets\images\GameKnight\background_layer_00.png">
      <Filter>Resource Files\images\GameKnight</Filter>
    </Image>
    <Image Include="..\..\assets\images\GameKnight\background_layer_01.png">
      <Filter>Resource Files\images\GameKnight</Filter>
    </Image>
    <Image Include="..\..\assets\images\GameKnight\background_layer_02.png">
      <Filter>Resource Files\images\GameKnight</Filter>
    </Image>
    <Image Include="..\..\assets\images\GameKnight\chrom_art_off.png">
      <Filter>Resource Files\images\GameKnight</Filter>
    </Image>
    <Image Include="..\..\assets\images\GameKnight\chrom_art_on.png">
      <Filter>Resource Files\images\GameKnight</Filter>
    </Image>
    <Image Include="..\..\assets\images\GameKnight\Dead_01.png">
      <Filter>Resource Files\images\GameKnight</Filter>
    </Image>
    <Image Include="..\..\assets\images\GameKnight\Dead_02.png">
      <Filter>Resource Files\images\GameKnight</Filter>
    </Image>
    <Image Include="..\..\assets\images\GameKnight\Dead_03.png">
      <Filter>Resource Files\images\GameKnight</Filter>
    </Image>
    <Image Include="..\..\assets\images\GameKnight\Dead_04.png">
      <Filter>Resource Files\images\GameKnight</Filter>
    </Image>
    <Image Include="..\..\assets\images\GameKnight\Dead_05.png">
      <Filter>Resource Files\images\GameKnight</Filter>
    </Image>
    <Image Include="..\..\assets\images\GameKnight\Dead_06.png">
      <Filter>Resource Files\images\GameKnight</Filter>
    </Image>
    <Image Include="..\..\assets\images\GameKnight\Dead_07.png">
      <Filter>Resource Files\images\GameKnight</Filter>
    </Image>
    <Image Include="..\..\assets\images\GameKnight\Dead_08.png">
      <Filter>Resource Files\images\GameKnight</Filter>
    </Image>
    <Image Include="..\..\assets\images\GameKnight\Dead_09.png">
      <Filter>Resource Files\images\GameKnight</Filter>
    </Image>
    <Image Include="..\..\assets\images\GameKnight\dead_bush.png">
      <Filter>Resource Files\images\GameKnight</Filter>
    </Image>
    <Image Include="..\..\assets\images\GameKnight\head_00.png">
      <Filter>Resource Files\images\GameKnight</Filter>
    </Image>
    <Image Include="..\..\assets\images\GameKnight\head_01.png">
      <Filter>Resource Files\images\GameKnight</Filter>
    </Image>
    <Image Include="..\..\assets\images\GameKnight\head_02.png">
      <Filter>Resource Files\images\GameKnight</Filter>
    </Image>
    <Image Include="..\..\assets\images\GameKnight\head_03.png">
      <Filter>Resource Files\images\GameKnight</Filter>
    </Image>
    <Image Include="..\..\assets\images\GameKnight\head_04.png">
      <Filter>Resource Files\images\GameKnight</Filter>
    </Image>
    <Image Include="..\..\assets\images\GameKnight\head_05.png">
      <Filter>Resource Files\images\GameKnight</Filter>
    </Image>
    <Image Include="..\..\assets\images\GameKnight\head_06.png">
      <Filter>Resource Files\images\GameKnight</Filter>
    </Image>
    <Image Include="..\..\assets\images\GameKnight\head_07.png">
      <Filter>Resource Files\images\GameKnight</Filter>
    </Image>
    <Image Include="..\..\assets\images\GameKnight\head_08.png">
      <Filter>Resource Files\images\GameKnight</Filter>
    </Image>
    <Image Include="..\..\assets\images\GameKnight\head_09.png">
      <Filter>Resource Files\images\GameKnight</Filter>
    </Image>
    <Image Include="..\..\assets\images\GameKnight\Jump_00.png">
      <Filter>Resource Files\images\GameKnight</Filter>
    </Image>
    <Image Include="..\..\assets\images\GameKnight\Jump_01.png">
      <Filter>Resource Files\images\GameKnight</Filter>
    </Image>
    <Image Include="..\..\assets\images\GameKnight\Jump_02.png">
      <Filter>Resource Files\images\GameKnight</Filter>
    </Image>
    <Image Include="..\..\assets\images\GameKnight\Jump_03.png">
      <Filter>Resource Files\images\GameKnight</Filter>
    </Image>
    <Image Include="..\..\assets\images\GameKnight\Jump_04.png">
      <Filter>Resource Files\images\GameKnight</Filter>
    </Image>
    <Image Include="..\..\assets\images\GameKnight\Jump_05.png">
      <Filter>Resource Files\images\GameKnight</Filter>
    </Image>
    <Image Include="..\..\assets\images\GameKnight\Jump_06.png">
      <Filter>Resource Files\images\GameKnight</Filter>
    </Image>
    <Image Include="..\..\assets\images\GameKnight\Jump_07.png">
      <Filter>Resource Files\images\GameKnight</Filter>
    </Image>
    <Image Include="..\..\assets\images\GameKnight\Jump_08.png">
      <Filter>Resource Files\images\GameKnight</Filter>
    </Image>
    <Image Include="..\..\assets\images\GameKnight\Jump_09.png">
      <Filter>Resource Files\images\GameKnight</Filter>
    </Image>
    <Image Include="..\..\assets\images\GameKnight\jump_button.png">
      <Filter>Resource Files\images\GameKnight</Filter>
    </Image>
    <Image Include="..\..\assets\images\GameKnight\jump_button_pressed.png">
      <Filter>Resource Files\images\GameKnight</Filter>
    </Image>
    <Image Include="..\..\assets\images\GameKnight\JumpAttack_00.png">
      <Filter>Resource Files\images\GameKnight</Filter>
    </Image>
    <Image Include="..\..\assets\images\GameKnight\JumpAttack_01.png">
      <Filter>Resource Files\images\GameKnight</Filter>
    </Image>
    <Image Include="..\..\assets\images\GameKnight\JumpAttack_02.png">
      <Filter>Resource Files\images\GameKnight</Filter>
    </Image>
    <Image Include="..\..\assets\images\GameKnight\JumpAttack_03.png">
      <Filter>Resource Files\images\GameKnight</Filter>
    </Image>
    <Image Include="..\..\assets\images\GameKnight\JumpAttack_04.png">
      <Filter>Resource Files\images\GameKnight</Filter>
    </Image>
    <Image Include="..\..\assets\images\GameKnight\JumpAttack_05.png">
      <Filter>Resource Files\images\GameKnight</Filter>
    </Image>
    <Image Include="..\..\assets\images\GameKnight\JumpAttack_06.png">
      <Filter>Resource Files\images\GameKnight</Filter>
    </Image>
    <Image Include="..\..\assets\images\GameKnight\JumpAttack_07.png">
      <Filter>Resource Files\images\GameKnight</Filter>
    </Image>
    <Image Include="..\..\assets\images\GameKnight\JumpAttack_08.png">
      <Filter>Resource Files\images\GameKnight</Filter>
    </Image>
    <Image Include="..\..\assets\images\GameKnight\JumpAttack_09.png">
      <Filter>Resource Files\images\GameKnight</Filter>
    </Image>
    <Image Include="..\..\assets\images\GameKnight\knight_back_button.png">
      <Filter>Resource Files\images\GameKnight</Filter>
    </Image>
    <Image Include="..\..\assets\images\GameKnight\knight_back_button_pressed.png">
      <Filter>Resource Files\images\GameKnight</Filter>
    </Image>
    <Image Include="..\..\assets\images\GameKnight\knight_menu_background.png">
      <Filter>Resource Files\images\GameKnight</Filter>
    </Image>
    <Image Include="..\..\assets\images\GameKnight\knight_play_button.png">
      <Filter>Resource Files\images\GameKnight</Filter>
    </Image>
    <Image Include="..\..\assets\images\GameKnight\knight_play_button_pressed.png">
      <Filter>Resource Files\images\GameKnight</Filter>
    </Image>
    <Image Include="..\..\assets\images\GameKnight\knight_progress_bar.png">
      <Filter>Resource Files\images\GameKnight</Filter>
    </Image>
    <Image Include="..\..\assets\images\GameKnight\knight_slider_background.png">
      <Filter>Resource Files\images\GameKnight</Filter>
    </Image>
    <Image Include="..\..\assets\images\GameKnight\life_head.png">
      <Filter>Resource Files\images\GameKnight</Filter>
    </Image>
    <Image Include="..\..\assets\images\GameKnight\life_head_off.png">
      <Filter>Resource Files\images\GameKnight</Filter>
    </Image>
    <Image Include="..\..\assets\images\GameKnight\popup_progress_bar.png">
      <Filter>Resource Files\images\GameKnight</Filter>
    </Image>
    <Image Include="..\..\assets\images\GameKnight\popup_progress_bar_head_icon.png">
      <Filter>Resource Files\images\GameKnight</Filter>
    </Image>
    <Image Include="..\..\assets\images\GameKnight\popup_progress_bar_lost.png">
      <Filter>Resource Files\images\GameKnight</Filter>
    </Image>
    <Image Include="..\..\assets\images\GameKnight\popup_progress_bar_victory_icon.png">
      <Filter>Resource Files\images\GameKnight</Filter>
    </Image>
    <Image Include="..\..\assets\images\GameKnight\popup_progress_bar_won.png">
      <Filter>Resource Files\images\GameKnight</Filter>
    </Image>
    <Image Include="..\..\assets\images\GameKnight\ribbon_game_over.png">
      <Filter>Resource Files\images\GameKnight</Filter>
    </Image>
    <Image Include="..\..\assets\images\GameKnight\ribbon_title.png">
      <Filter>Resource Files\images\GameKnight</Filter>
    </Image>
    <Image Include="..\..\assets\images\GameKnight\ribbon_victory.png">
      <Filter>Resource Files\images\GameKnight</Filter>
    </Image>
    <Image Include="..\..\assets\images\GameKnight\Run_00.png">
      <Filter>Resource Files\images\GameKnight</Filter>
    </Image>
    <Image Include="..\..\assets\images\GameKnight\Run_01.png">
      <Filter>Resource Files\images\GameKnight</Filter>
    </Image>
    <Image Include="..\..\assets\images\GameKnight\Run_02.png">
      <Filter>Resource Files\images\GameKnight</Filter>
    </Image>
    <Image Include="..\..\assets\images\GameKnight\Run_03.png">
      <Filter>Resource Files\images\GameKnight</Filter>
    </Image>
    <Image Include="..\..\assets\images\GameKnight\Run_04.png">
      <Filter>Resource Files\images\GameKnight</Filter>
    </Image>
    <Image Include="..\..\assets\images\GameKnight\Run_05.png">
      <Filter>Resource Files\images\GameKnight</Filter>
    </Image>
    <Image Include="..\..\assets\images\GameKnight\Run_06.png">
      <Filter>Resource Files\images\GameKnight</Filter>
    </Image>
    <Image Include="..\..\assets\images\GameKnight\Run_07.png">
      <Filter>Resource Files\images\GameKnight</Filter>
    </Image>
    <Image Include="..\..\assets\images\GameKnight\Run_08.png">
      <Filter>Resource Files\images\GameKnight</Filter>
    </Image>
    <Image Include="..\..\assets\images\GameKnight\Run_09.png">
      <Filter>Resource Files\images\GameKnight</Filter>
    </Image>
    <Image Include="..\..\assets\images\GameKnight\skeleton.png">
      <Filter>Resource Files\images\GameKnight</Filter>
    </Image>
    <Image Include="..\..\assets\images\GameKnight\Tile.png">
      <Filter>Resource Files\images\GameKnight</Filter>
    </Image>
    <Image Include="..\..\assets\images\GameKnight\tombstone.png">
      <Filter>Resource Files\images\GameKnight</Filter>
    </Image>
    <Image Include="..\..\assets\images\GameKnight\touchgfx_logo.png">
      <Filter>Resource Files\images\GameKnight</Filter>
    </Image>
    <Image Include="..\..\assets\images\GameKnight\zombie_attack_00.png">
      <Filter>Resource Files\images\GameKnight</Filter>
    </Image>
    <Image Include="..\..\assets\images\GameKnight\zombie_attack_01.png">
      <Filter>Resource Files\images\GameKnight</Filter>
    </Image>
    <Image Include="..\..\assets\images\GameKnight\zombie_attack_02.png">
      <Filter>Resource Files\images\GameKnight</Filter>
    </Image>
    <Image Include="..\..\assets\images\GameKnight\zombie_attack_03.png">
      <Filter>Resource Files\images\GameKnight</Filter>
    </Image>
    <Image Include="..\..\assets\images\GameKnight\zombie_attack_04.png">
      <Filter>Resource Files\images\GameKnight</Filter>
    </Image>
    <Image Include="..\..\assets\images\GameKnight\zombie_attack_05.png">
      <Filter>Resource Files\images\GameKnight</Filter>
    </Image>
    <Image Include="..\..\assets\images\GameKnight\zombie_attack_06.png">
      <Filter>Resource Files\images\GameKnight</Filter>
    </Image>
    <Image Include="..\..\assets\images\GameKnight\zombie_attack_07.png">
      <Filter>Resource Files\images\GameKnight</Filter>
    </Image>
    <Image Include="..\..\assets\images\GameKnight\zombie_dead_00.png">
      <Filter>Resource Files\images\GameKnight</Filter>
    </Image>
    <Image Include="..\..\assets\images\GameKnight\zombie_dead_01.png">
      <Filter>Resource Files\images\GameKnight</Filter>
    </Image>
    <Image Include="..\..\assets\images\GameKnight\zombie_dead_02.png">
      <Filter>Resource Files\images\GameKnight</Filter>
    </Image>
    <Image Include="..\..\assets\images\GameKnight\zombie_dead_03.png">
      <Filter>Resource Files\images\GameKnight</Filter>
    </Image>
    <Image Include="..\..\assets\images\GameKnight\zombie_dead_04.png">
      <Filter>Resource Files\images\GameKnight</Filter>
    </Image>
    <Image Include="..\..\assets\images\GameKnight\zombie_dead_05.png">
      <Filter>Resource Files\images\GameKnight</Filter>
    </Image>
    <Image Include="..\..\assets\images\GameKnight\zombie_dead_06.png">
      <Filter>Resource Files\images\GameKnight</Filter>
    </Image>
    <Image Include="..\..\assets\images\GameKnight\zombie_dead_07.png">
      <Filter>Resource Files\images\GameKnight</Filter>
    </Image>
    <Image Include="..\..\assets\images\GameKnight\Zombie_walk_00.png">
      <Filter>Resource Files\images\GameKnight</Filter>
    </Image>
    <Image Include="..\..\assets\images\GameKnight\Zombie_walk_01.png">
      <Filter>Resource Files\images\GameKnight</Filter>
    </Image>
    <Image Include="..\..\assets\images\GameKnight\Zombie_walk_02.png">
      <Filter>Resource Files\images\GameKnight</Filter>
    </Image>
    <Image Include="..\..\assets\images\GameKnight\Zombie_walk_03.png">
      <Filter>Resource Files\images\GameKnight</Filter>
    </Image>
    <Image Include="..\..\assets\images\GameKnight\Zombie_walk_04.png">
      <Filter>Resource Files\images\GameKnight</Filter>
    </Image>
    <Image Include="..\..\assets\images\GameKnight\Zombie_walk_05.png">
      <Filter>Resource Files\images\GameKnight</Filter>
    </Image>
    <Image Include="..\..\assets\images\GameKnight\Zombie_walk_06.png">
      <Filter>Resource Files\images\GameKnight</Filter>
    </Image>
    <Image Include="..\..\assets\images\GameKnight\Zombie_walk_07.png">
      <Filter>Resource Files\images\GameKnight</Filter>
    </Image>
    <Image Include="..\..\assets\images\GameKnight\Zombie_walk_08.png">
      <Filter>Resource Files\images\GameKnight</Filter>
    </Image>
    <Image Include="..\..\assets\images\GameKnight\Zombie_walk_09.png">
      <Filter>Resource Files\images\GameKnight</Filter>
    </Image>
    <Image Include="..\..\assets\images\CarouselMenu\carousel_menu_icons_knight_large.png">
      <Filter>Resource Files\images\CarouselMenu</Filter>
    </Image>
    <Image Include="..\..\assets\images\CarouselMenu\carousel_menu_icons_knight_medium.png">
      <Filter>Resource Files\images\CarouselMenu</Filter>
    </Image>
    <Image Include="..\..\assets\images\CarouselMenu\carousel_menu_icons_knight_small.png">
      <Filter>Resource Files\images\CarouselMenu</Filter>
    </Image>
    <Image Include="..\..\assets\images\BumpMap\bump_map_next_button.png">
      <Filter>Resource Files\images\BumpMap</Filter>
    </Image>
    <Image Include="..\..\assets\images\BumpMap\bump_map_next_button_pressed.png">
      <Filter>Resource Files\images\BumpMap</Filter>
    </Image>
    <Image Include="..\..\assets\images\BumpMap\new_light_effect_image.bmp">
      <Filter>Resource Files\images\BumpMap</Filter>
    </Image>
    <Image Include="..\..\assets\images\BumpMap\touchgfx_light_effect.bmp">
      <Filter>Resource Files\images\BumpMap</Filter>
    </Image>
  </ItemGroup>
  <ItemGroup>
    <Font Include="..\..\assets\fonts\PatuaOne-Regular.ttf">
      <Filter>Resource Files\fonts</Filter>
    </Font>
  </ItemGroup>
</Project>